// !$*UTF8*$!
{
	archiveVersion = 1;
	classes = {
	};
	objectVersion = 46;
	objects = {

/* Begin PBXBuildFile section */
		585397B91799ED43F93A41C9 /* Pods.framework in Frameworks */ = {isa = PBXBuildFile; fileRef = 927D24742B4F2C6030CB033A /* Pods.framework */; settings = {ATTRIBUTES = (Weak, ); }; };
		A50ED43F1B7852AD00651C3E /* UIKit.framework in Frameworks */ = {isa = PBXBuildFile; fileRef = A50ED43E1B7852AD00651C3E /* UIKit.framework */; };
		A50ED4411B7852D200651C3E /* Foundation.framework in Frameworks */ = {isa = PBXBuildFile; fileRef = A50ED4401B7852D200651C3E /* Foundation.framework */; };
		A519F60A1B8C0FFF001D0A78 /* login-background-video.mp4 in Resources */ = {isa = PBXBuildFile; fileRef = A519F6091B8C0FFF001D0A78 /* login-background-video.mp4 */; };
		A519F60C1B8C1012001D0A78 /* Delete Sign Filled-100.png in Resources */ = {isa = PBXBuildFile; fileRef = A519F60B1B8C1012001D0A78 /* Delete Sign Filled-100.png */; };
		A521DE041B864E5400A0173D /* Delete Sign-100.png in Resources */ = {isa = PBXBuildFile; fileRef = A521DE031B864E5400A0173D /* Delete Sign-100.png */; };
		A521DE0A1B864F5200A0173D /* NotificationCenter.framework in Frameworks */ = {isa = PBXBuildFile; fileRef = A52B782F1B81BE1E00F8DEF2 /* NotificationCenter.framework */; };
		A521DE101B864F5200A0173D /* TodayViewController.m in Sources */ = {isa = PBXBuildFile; fileRef = A521DE0F1B864F5200A0173D /* TodayViewController.m */; };
		A521DE121B864F5200A0173D /* MainInterface.storyboard in Resources */ = {isa = PBXBuildFile; fileRef = A521DE111B864F5200A0173D /* MainInterface.storyboard */; };
		A521DE151B864F5200A0173D /* TraveIWithMe.appex in Embed App Extensions */ = {isa = PBXBuildFile; fileRef = A521DE091B864F5200A0173D /* TraveIWithMe.appex */; settings = {ATTRIBUTES = (RemoveHeadersOnCopy, ); }; };
		A524E7FA1B86C54F0094A684 /* LegalViewController.m in Sources */ = {isa = PBXBuildFile; fileRef = A524E7F91B86C54F0094A684 /* LegalViewController.m */; };
		A52E4EB91B63817400285C83 /* VIPViewController.m in Sources */ = {isa = PBXBuildFile; fileRef = A52E4EB81B63817400285C83 /* VIPViewController.m */; };
		A53CBBB71B67FA630039369A /* MapViewController.m in Sources */ = {isa = PBXBuildFile; fileRef = A53CBBB61B67FA630039369A /* MapViewController.m */; };
		A55171831B86151A002841AB /* PolicyViewController.m in Sources */ = {isa = PBXBuildFile; fileRef = A55171821B86151A002841AB /* PolicyViewController.m */; };
		A55669951B80EAE300F588E3 /* CExpandHeader.m in Sources */ = {isa = PBXBuildFile; fileRef = A55669941B80EAE300F588E3 /* CExpandHeader.m */; };
		A55AD25F1B8AF803009AC07B /* demo_7.jpg in Resources */ = {isa = PBXBuildFile; fileRef = A55AD25E1B8AF803009AC07B /* demo_7.jpg */; };
		A56DC6261B80EC3E009C621F /* 22.png in Resources */ = {isa = PBXBuildFile; fileRef = A56DC6251B80EC3E009C621F /* 22.png */; };
		A5D374921B646BEC00A57791 /* MessageUI.framework in Frameworks */ = {isa = PBXBuildFile; fileRef = A5D374911B646BEC00A57791 /* MessageUI.framework */; };
		A5E1670D1B6903B70036ABE4 /* SettingTableViewControlle.m in Sources */ = {isa = PBXBuildFile; fileRef = A5E1670C1B6903B70036ABE4 /* SettingTableViewControlle.m */; };
		B51A23321B7A5C9900CFD674 /* favoriteMainViewController.m in Sources */ = {isa = PBXBuildFile; fileRef = B51A232B1B7A5C9900CFD674 /* favoriteMainViewController.m */; };
		B51A23331B7A5C9900CFD674 /* FavoriteDetailViewController.m in Sources */ = {isa = PBXBuildFile; fileRef = B51A232D1B7A5C9900CFD674 /* FavoriteDetailViewController.m */; };
		B51A23341B7A5C9900CFD674 /* favoriteTableViewController.m in Sources */ = {isa = PBXBuildFile; fileRef = B51A232F1B7A5C9900CFD674 /* favoriteTableViewController.m */; };
		B51A23351B7A5C9900CFD674 /* followTableViewController.m in Sources */ = {isa = PBXBuildFile; fileRef = B51A23311B7A5C9900CFD674 /* followTableViewController.m */; };
		B5453E271B7A670E008964CE /* mapPostViewController.m in Sources */ = {isa = PBXBuildFile; fileRef = B5453E261B7A670E008964CE /* mapPostViewController.m */; };
		F420E1521B8432B100D3627F /* TWMDefine.m in Sources */ = {isa = PBXBuildFile; fileRef = F420E1511B8432B100D3627F /* TWMDefine.m */; };
		F420E1551B846B5D00D3627F /* comment-icon.png in Resources */ = {isa = PBXBuildFile; fileRef = F420E1531B846B5D00D3627F /* comment-icon.png */; };
		F420E1561B846B5D00D3627F /* join-icon.png in Resources */ = {isa = PBXBuildFile; fileRef = F420E1541B846B5D00D3627F /* join-icon.png */; };
		F420E15A1B846FA500D3627F /* no-interested-icon.png in Resources */ = {isa = PBXBuildFile; fileRef = F420E1581B846FA500D3627F /* no-interested-icon.png */; };
		F420E15C1B84719800D3627F /* intrested-icon.png in Resources */ = {isa = PBXBuildFile; fileRef = F420E15B1B84719800D3627F /* intrested-icon.png */; };
		F42EBD661B6877BF00606D9B /* (null) in Resources */ = {isa = PBXBuildFile; };
		F42EBD6A1B68790500606D9B /* (null) in Resources */ = {isa = PBXBuildFile; };
		F42EBD6B1B68790500606D9B /* (null) in Resources */ = {isa = PBXBuildFile; };
		F42EBDA41B68C8D400606D9B /* (null) in Resources */ = {isa = PBXBuildFile; };
		F42EBDAC1B68CED800606D9B /* (null) in Resources */ = {isa = PBXBuildFile; };
		F42EBDAE1B68D0C100606D9B /* (null) in Resources */ = {isa = PBXBuildFile; };
		F42EBDB01B68D1EE00606D9B /* (null) in Resources */ = {isa = PBXBuildFile; };
		F42EBDB21B68FF1400606D9B /* (null) in Resources */ = {isa = PBXBuildFile; };
		F43B3B7F1B75C03F0034B20F /* JL3MessageTableViewCell.xib in Resources */ = {isa = PBXBuildFile; fileRef = F43B3B7D1B75C03F0034B20F /* JL3MessageTableViewCell.xib */; };
		F43C831A1B71B13200D2A389 /* tmp900X640.png in Resources */ = {isa = PBXBuildFile; fileRef = F43C83191B71B13200D2A389 /* tmp900X640.png */; };
		F43F90681B8AF46D00E509F3 /* exclamation-icon.png in Resources */ = {isa = PBXBuildFile; fileRef = F43F90671B8AF46D00E509F3 /* exclamation-icon.png */; };
		F43F906B1B8B2C0700E509F3 /* SelectTypeViewController.m in Sources */ = {isa = PBXBuildFile; fileRef = F43F906A1B8B2C0700E509F3 /* SelectTypeViewController.m */; };
		F43F906D1B8C06D800E509F3 /* black.png in Resources */ = {isa = PBXBuildFile; fileRef = F43F906C1B8C06D800E509F3 /* black.png */; };
		F44282FE1B875A9700D1F776 /* edit-icon.png in Resources */ = {isa = PBXBuildFile; fileRef = F44282FB1B875A9700D1F776 /* edit-icon.png */; };
		F44282FF1B875A9700D1F776 /* search-icon.png in Resources */ = {isa = PBXBuildFile; fileRef = F44282FC1B875A9700D1F776 /* search-icon.png */; };
		F44283001B875A9700D1F776 /* watch-icon.png in Resources */ = {isa = PBXBuildFile; fileRef = F44282FD1B875A9700D1F776 /* watch-icon.png */; };
		F44283021B875C2200D1F776 /* back-icon.png in Resources */ = {isa = PBXBuildFile; fileRef = F44283011B875C2200D1F776 /* back-icon.png */; };
		F442CE151B64B8FC001CD62B /* (null) in Resources */ = {isa = PBXBuildFile; };
		F44307E21B78A1C900DE5625 /* UIImage+ImageEffects.m in Sources */ = {isa = PBXBuildFile; fileRef = F44307E11B78A1C900DE5625 /* UIImage+ImageEffects.m */; };
		F443FB431B60FBF300F30847 /* Map.storyboard in Resources */ = {isa = PBXBuildFile; fileRef = F443FB421B60FBF300F30847 /* Map.storyboard */; };
		F443FB451B610E8300F30847 /* MapKit.framework in Frameworks */ = {isa = PBXBuildFile; fileRef = F443FB441B610E8300F30847 /* MapKit.framework */; };
		F443FB4C1B6124D600F30847 /* WallViewController.m in Sources */ = {isa = PBXBuildFile; fileRef = F443FB4B1B6124D600F30847 /* WallViewController.m */; };
		F443FB4F1B612F9300F30847 /* WallTableViewCell.m in Sources */ = {isa = PBXBuildFile; fileRef = F443FB4E1B612F9300F30847 /* WallTableViewCell.m */; };
		F4457C201B7755D000A4952B /* ParallaxHeaderView.m in Sources */ = {isa = PBXBuildFile; fileRef = F4457C1F1B7755D000A4952B /* ParallaxHeaderView.m */; };
		F4457C231B7756B900A4952B /* DetailMessageViewController.m in Sources */ = {isa = PBXBuildFile; fileRef = F4457C221B7756B900A4952B /* DetailMessageViewController.m */; };
		F445E3671B6E09CD00818A18 /* Login.storyboard in Resources */ = {isa = PBXBuildFile; fileRef = F445E3661B6E09CD00818A18 /* Login.storyboard */; };
		F445E36B1B6E0A1100818A18 /* LoginViewController.m in Sources */ = {isa = PBXBuildFile; fileRef = F445E36A1B6E0A1100818A18 /* LoginViewController.m */; };
		F4461ECC1B7622CE00052C94 /* JL3MessageTableViewCell.m in Sources */ = {isa = PBXBuildFile; fileRef = F4461ECB1B7622CE00052C94 /* JL3MessageTableViewCell.m */; };
		F44829941B6FB9D800ED0EA1 /* UIImage+AlphaAdditions.m in Sources */ = {isa = PBXBuildFile; fileRef = F448298F1B6FB9D800ED0EA1 /* UIImage+AlphaAdditions.m */; };
		F44829951B6FB9D800ED0EA1 /* UIImage+ResizeAdditions.m in Sources */ = {isa = PBXBuildFile; fileRef = F44829911B6FB9D800ED0EA1 /* UIImage+ResizeAdditions.m */; };
		F44829961B6FB9D800ED0EA1 /* UIImage+RoundedCornerAdditions.m in Sources */ = {isa = PBXBuildFile; fileRef = F44829931B6FB9D800ED0EA1 /* UIImage+RoundedCornerAdditions.m */; };
		F448299A1B6FBA5800ED0EA1 /* PAPUtility.m in Sources */ = {isa = PBXBuildFile; fileRef = F44829991B6FBA5800ED0EA1 /* PAPUtility.m */; };
		F448299D1B6FBA8B00ED0EA1 /* PAPConstants.m in Sources */ = {isa = PBXBuildFile; fileRef = F448299C1B6FBA8B00ED0EA1 /* PAPConstants.m */; };
		F44829A01B6FBAFF00ED0EA1 /* PAPCache.m in Sources */ = {isa = PBXBuildFile; fileRef = F448299F1B6FBAFF00ED0EA1 /* PAPCache.m */; };
		F44899EE1B88AC20009ABF4C /* VIPMyActivityTableViewCell.m in Sources */ = {isa = PBXBuildFile; fileRef = F44899EC1B88AC20009ABF4C /* VIPMyActivityTableViewCell.m */; };
		F44899EF1B88AC20009ABF4C /* VIPMyActivityTableViewCell.xib in Resources */ = {isa = PBXBuildFile; fileRef = F44899ED1B88AC20009ABF4C /* VIPMyActivityTableViewCell.xib */; };
		F44F3E301B8207F9007CE9C1 /* StartDateDaysTableViewCell.m in Sources */ = {isa = PBXBuildFile; fileRef = F44F3E2F1B8207F9007CE9C1 /* StartDateDaysTableViewCell.m */; };
		F44F3E331B8210CD007CE9C1 /* TPKeyboardAvoidingTableView.m in Sources */ = {isa = PBXBuildFile; fileRef = F44F3E321B8210CD007CE9C1 /* TPKeyboardAvoidingTableView.m */; };
		F44F3E361B8210F1007CE9C1 /* UIScrollView+TPKeyboardAvoidingAdditions.m in Sources */ = {isa = PBXBuildFile; fileRef = F44F3E351B8210F1007CE9C1 /* UIScrollView+TPKeyboardAvoidingAdditions.m */; };
		F44F3E391B821102007CE9C1 /* TPKeyboardAvoidingScrollView.m in Sources */ = {isa = PBXBuildFile; fileRef = F44F3E381B821102007CE9C1 /* TPKeyboardAvoidingScrollView.m */; };
		F465736C1B5552D800DA3D7B /* JLTableViewCell.m in Sources */ = {isa = PBXBuildFile; fileRef = F46573671B5552D800DA3D7B /* JLTableViewCell.m */; };
		F465736D1B5552D800DA3D7B /* JL2TableViewCell.m in Sources */ = {isa = PBXBuildFile; fileRef = F46573691B5552D800DA3D7B /* JL2TableViewCell.m */; };
		F465736E1B5552D800DA3D7B /* JL2TableViewCell.xib in Resources */ = {isa = PBXBuildFile; fileRef = F465736A1B5552D800DA3D7B /* JL2TableViewCell.xib */; };
		F465736F1B5552D800DA3D7B /* JLTableViewCell.xib in Resources */ = {isa = PBXBuildFile; fileRef = F465736B1B5552D800DA3D7B /* JLTableViewCell.xib */; };
		F47556A11B4BACF2008CEE3A /* main.m in Sources */ = {isa = PBXBuildFile; fileRef = F47556A01B4BACF2008CEE3A /* main.m */; };
		F47556A41B4BACF2008CEE3A /* AppDelegate.m in Sources */ = {isa = PBXBuildFile; fileRef = F47556A31B4BACF2008CEE3A /* AppDelegate.m */; };
		F47556AA1B4BACF2008CEE3A /* Main.storyboard in Resources */ = {isa = PBXBuildFile; fileRef = F47556A81B4BACF2008CEE3A /* Main.storyboard */; };
		F47556AC1B4BACF2008CEE3A /* Images.xcassets in Resources */ = {isa = PBXBuildFile; fileRef = F47556AB1B4BACF2008CEE3A /* Images.xcassets */; };
		F47556AF1B4BACF2008CEE3A /* LaunchScreen.xib in Resources */ = {isa = PBXBuildFile; fileRef = F47556AD1B4BACF2008CEE3A /* LaunchScreen.xib */; };
		F47556BB1B4BACF2008CEE3A /* TravelWithMeTests.m in Sources */ = {isa = PBXBuildFile; fileRef = F47556BA1B4BACF2008CEE3A /* TravelWithMeTests.m */; };
		F47556C51B4BD40F008CEE3A /* Favorite.storyboard in Resources */ = {isa = PBXBuildFile; fileRef = F47556C41B4BD40F008CEE3A /* Favorite.storyboard */; };
		F486EF461B4C34D2008CB97B /* Setting.storyboard in Resources */ = {isa = PBXBuildFile; fileRef = F486EF451B4C34D2008CB97B /* Setting.storyboard */; };
		F48B16CC1B5F405600E96B0D /* AudioToolbox.framework in Frameworks */ = {isa = PBXBuildFile; fileRef = F48B16CB1B5F405600E96B0D /* AudioToolbox.framework */; };
		F48B16CE1B5F406300E96B0D /* CFNetwork.framework in Frameworks */ = {isa = PBXBuildFile; fileRef = F48B16CD1B5F406300E96B0D /* CFNetwork.framework */; };
		F48B16D11B5F407800E96B0D /* CoreGraphics.framework in Frameworks */ = {isa = PBXBuildFile; fileRef = F48B16CF1B5F407800E96B0D /* CoreGraphics.framework */; };
		F48B16D21B5F407800E96B0D /* CoreLocation.framework in Frameworks */ = {isa = PBXBuildFile; fileRef = F48B16D01B5F407800E96B0D /* CoreLocation.framework */; };
		F48B16D41B5F408400E96B0D /* QuartzCore.framework in Frameworks */ = {isa = PBXBuildFile; fileRef = F48B16D31B5F408400E96B0D /* QuartzCore.framework */; };
		F48B16D61B5F408D00E96B0D /* Security.framework in Frameworks */ = {isa = PBXBuildFile; fileRef = F48B16D51B5F408D00E96B0D /* Security.framework */; };
		F48B16DA1B5F40A200E96B0D /* SystemConfiguration.framework in Frameworks */ = {isa = PBXBuildFile; fileRef = F48B16D91B5F40A200E96B0D /* SystemConfiguration.framework */; };
		F48B16DC1B5F40B600E96B0D /* libz.dylib in Frameworks */ = {isa = PBXBuildFile; fileRef = F48B16DB1B5F40B600E96B0D /* libz.dylib */; };
		F48B16DE1B5F40C700E96B0D /* libsqlite3.dylib in Frameworks */ = {isa = PBXBuildFile; fileRef = F48B16DD1B5F40C700E96B0D /* libsqlite3.dylib */; };
		F48B16E01B5F40D200E96B0D /* Accounts.framework in Frameworks */ = {isa = PBXBuildFile; fileRef = F48B16DF1B5F40D200E96B0D /* Accounts.framework */; };
		F48B16E21B5F40D900E96B0D /* Social.framework in Frameworks */ = {isa = PBXBuildFile; fileRef = F48B16E11B5F40D900E96B0D /* Social.framework */; };
		F4B387441B831250007740D5 /* SharePhotoTableViewCell.m in Sources */ = {isa = PBXBuildFile; fileRef = F4B387431B831250007740D5 /* SharePhotoTableViewCell.m */; };
		F4B3874A1B83465C007740D5 /* MemoTableViewCell.m in Sources */ = {isa = PBXBuildFile; fileRef = F4B387491B83465C007740D5 /* MemoTableViewCell.m */; };
		F4BC50E21B7E54ED008C3EC4 /* HomePageViewController.m in Sources */ = {isa = PBXBuildFile; fileRef = F4BC50DF1B7E54ED008C3EC4 /* HomePageViewController.m */; };
		F4BC50E31B7E54ED008C3EC4 /* ParallaxTableViewCell.m in Sources */ = {isa = PBXBuildFile; fileRef = F4BC50E11B7E54ED008C3EC4 /* ParallaxTableViewCell.m */; };
		F4CEF12D1B81B87C006D2B71 /* PostViewController.m in Sources */ = {isa = PBXBuildFile; fileRef = F4CEF12C1B81B87C006D2B71 /* PostViewController.m */; };
		F4CEF12F1B81D251006D2B71 /* share_photo.png in Resources */ = {isa = PBXBuildFile; fileRef = F4CEF12E1B81D251006D2B71 /* share_photo.png */; };
		F4CEF1571B81F4CE006D2B71 /* CountryCityTableViewCell.m in Sources */ = {isa = PBXBuildFile; fileRef = F4CEF1561B81F4CE006D2B71 /* CountryCityTableViewCell.m */; };
		F4DA4C5C1B4E9D0500421F2F /* UIColors.m in Sources */ = {isa = PBXBuildFile; fileRef = F4DA4C5B1B4E9D0500421F2F /* UIColors.m */; };
		F4DA4C601B4EC96F00421F2F /* HomePostViewController.m in Sources */ = {isa = PBXBuildFile; fileRef = F4DA4C5F1B4EC96F00421F2F /* HomePostViewController.m */; };
		F4DA4C661B4FF09200421F2F /* HomeDetailViewController.m in Sources */ = {isa = PBXBuildFile; fileRef = F4DA4C651B4FF09200421F2F /* HomeDetailViewController.m */; };
/* End PBXBuildFile section */

/* Begin PBXContainerItemProxy section */
		A521DE131B864F5200A0173D /* PBXContainerItemProxy */ = {
			isa = PBXContainerItemProxy;
			containerPortal = F47556931B4BACF2008CEE3A /* Project object */;
			proxyType = 1;
			remoteGlobalIDString = A521DE081B864F5200A0173D;
			remoteInfo = TraveIWithMe;
		};
		F47556B51B4BACF2008CEE3A /* PBXContainerItemProxy */ = {
			isa = PBXContainerItemProxy;
			containerPortal = F47556931B4BACF2008CEE3A /* Project object */;
			proxyType = 1;
			remoteGlobalIDString = F475569A1B4BACF2008CEE3A;
			remoteInfo = TravelWithMe;
		};
/* End PBXContainerItemProxy section */

/* Begin PBXCopyFilesBuildPhase section */
		A52B783F1B81BE1E00F8DEF2 /* Embed App Extensions */ = {
			isa = PBXCopyFilesBuildPhase;
			buildActionMask = 2147483647;
			dstPath = "";
			dstSubfolderSpec = 13;
			files = (
				A521DE151B864F5200A0173D /* TraveIWithMe.appex in Embed App Extensions */,
			);
			name = "Embed App Extensions";
			runOnlyForDeploymentPostprocessing = 0;
		};
/* End PBXCopyFilesBuildPhase section */

/* Begin PBXFileReference section */
		44BCC490976B2C9D75A6541C /* Pods.debug.xcconfig */ = {isa = PBXFileReference; includeInIndex = 1; lastKnownFileType = text.xcconfig; name = Pods.debug.xcconfig; path = "Pods/Target Support Files/Pods/Pods.debug.xcconfig"; sourceTree = "<group>"; };
		927D24742B4F2C6030CB033A /* Pods.framework */ = {isa = PBXFileReference; explicitFileType = wrapper.framework; includeInIndex = 0; path = Pods.framework; sourceTree = BUILT_PRODUCTS_DIR; };
		A2A1A052438CEB9B22CC0114 /* Pods.release.xcconfig */ = {isa = PBXFileReference; includeInIndex = 1; lastKnownFileType = text.xcconfig; name = Pods.release.xcconfig; path = "Pods/Target Support Files/Pods/Pods.release.xcconfig"; sourceTree = "<group>"; };
		A50ED43E1B7852AD00651C3E /* UIKit.framework */ = {isa = PBXFileReference; lastKnownFileType = wrapper.framework; name = UIKit.framework; path = System/Library/Frameworks/UIKit.framework; sourceTree = SDKROOT; };
		A50ED4401B7852D200651C3E /* Foundation.framework */ = {isa = PBXFileReference; lastKnownFileType = wrapper.framework; name = Foundation.framework; path = System/Library/Frameworks/Foundation.framework; sourceTree = SDKROOT; };
		A519F6091B8C0FFF001D0A78 /* login-background-video.mp4 */ = {isa = PBXFileReference; lastKnownFileType = file; path = "login-background-video.mp4"; sourceTree = "<group>"; };
		A519F60B1B8C1012001D0A78 /* Delete Sign Filled-100.png */ = {isa = PBXFileReference; lastKnownFileType = image.png; path = "Delete Sign Filled-100.png"; sourceTree = "<group>"; };
		A521DE031B864E5400A0173D /* Delete Sign-100.png */ = {isa = PBXFileReference; lastKnownFileType = image.png; path = "Delete Sign-100.png"; sourceTree = "<group>"; };
		A521DE091B864F5200A0173D /* TraveIWithMe.appex */ = {isa = PBXFileReference; explicitFileType = "wrapper.app-extension"; includeInIndex = 0; path = TraveIWithMe.appex; sourceTree = BUILT_PRODUCTS_DIR; };
		A521DE0D1B864F5200A0173D /* Info.plist */ = {isa = PBXFileReference; lastKnownFileType = text.plist.xml; path = Info.plist; sourceTree = "<group>"; };
		A521DE0E1B864F5200A0173D /* TodayViewController.h */ = {isa = PBXFileReference; lastKnownFileType = sourcecode.c.h; path = TodayViewController.h; sourceTree = "<group>"; };
		A521DE0F1B864F5200A0173D /* TodayViewController.m */ = {isa = PBXFileReference; lastKnownFileType = sourcecode.c.objc; path = TodayViewController.m; sourceTree = "<group>"; };
		A521DE111B864F5200A0173D /* MainInterface.storyboard */ = {isa = PBXFileReference; lastKnownFileType = file.storyboard; path = MainInterface.storyboard; sourceTree = "<group>"; };
		A524E7F81B86C54F0094A684 /* LegalViewController.h */ = {isa = PBXFileReference; fileEncoding = 4; lastKnownFileType = sourcecode.c.h; path = LegalViewController.h; sourceTree = "<group>"; };
		A524E7F91B86C54F0094A684 /* LegalViewController.m */ = {isa = PBXFileReference; fileEncoding = 4; lastKnownFileType = sourcecode.c.objc; path = LegalViewController.m; sourceTree = "<group>"; };
		A52B782F1B81BE1E00F8DEF2 /* NotificationCenter.framework */ = {isa = PBXFileReference; lastKnownFileType = wrapper.framework; name = NotificationCenter.framework; path = System/Library/Frameworks/NotificationCenter.framework; sourceTree = SDKROOT; };
		A52E4EB71B63817400285C83 /* VIPViewController.h */ = {isa = PBXFileReference; fileEncoding = 4; lastKnownFileType = sourcecode.c.h; path = VIPViewController.h; sourceTree = "<group>"; };
		A52E4EB81B63817400285C83 /* VIPViewController.m */ = {isa = PBXFileReference; fileEncoding = 4; lastKnownFileType = sourcecode.c.objc; path = VIPViewController.m; sourceTree = "<group>"; };
		A53CBBB51B67FA630039369A /* MapViewController.h */ = {isa = PBXFileReference; fileEncoding = 4; lastKnownFileType = sourcecode.c.h; path = MapViewController.h; sourceTree = "<group>"; };
		A53CBBB61B67FA630039369A /* MapViewController.m */ = {isa = PBXFileReference; fileEncoding = 4; lastKnownFileType = sourcecode.c.objc; path = MapViewController.m; sourceTree = "<group>"; };
		A55171811B86151A002841AB /* PolicyViewController.h */ = {isa = PBXFileReference; fileEncoding = 4; lastKnownFileType = sourcecode.c.h; path = PolicyViewController.h; sourceTree = "<group>"; };
		A55171821B86151A002841AB /* PolicyViewController.m */ = {isa = PBXFileReference; fileEncoding = 4; lastKnownFileType = sourcecode.c.objc; path = PolicyViewController.m; sourceTree = "<group>"; };
		A55669931B80EAE300F588E3 /* CExpandHeader.h */ = {isa = PBXFileReference; fileEncoding = 4; lastKnownFileType = sourcecode.c.h; path = CExpandHeader.h; sourceTree = "<group>"; };
		A55669941B80EAE300F588E3 /* CExpandHeader.m */ = {isa = PBXFileReference; fileEncoding = 4; lastKnownFileType = sourcecode.c.objc; path = CExpandHeader.m; sourceTree = "<group>"; };
		A55AD25E1B8AF803009AC07B /* demo_7.jpg */ = {isa = PBXFileReference; lastKnownFileType = image.jpeg; path = demo_7.jpg; sourceTree = "<group>"; };
		A56DC6251B80EC3E009C621F /* 22.png */ = {isa = PBXFileReference; lastKnownFileType = image.png; path = 22.png; sourceTree = "<group>"; };
		A5D374911B646BEC00A57791 /* MessageUI.framework */ = {isa = PBXFileReference; lastKnownFileType = wrapper.framework; name = MessageUI.framework; path = System/Library/Frameworks/MessageUI.framework; sourceTree = SDKROOT; };
		A5E1670B1B6903B70036ABE4 /* SettingTableViewControlle.h */ = {isa = PBXFileReference; fileEncoding = 4; lastKnownFileType = sourcecode.c.h; path = SettingTableViewControlle.h; sourceTree = "<group>"; };
		A5E1670C1B6903B70036ABE4 /* SettingTableViewControlle.m */ = {isa = PBXFileReference; fileEncoding = 4; lastKnownFileType = sourcecode.c.objc; path = SettingTableViewControlle.m; sourceTree = "<group>"; };
		B51A232A1B7A5C9900CFD674 /* favoriteMainViewController.h */ = {isa = PBXFileReference; fileEncoding = 4; lastKnownFileType = sourcecode.c.h; path = favoriteMainViewController.h; sourceTree = "<group>"; };
		B51A232B1B7A5C9900CFD674 /* favoriteMainViewController.m */ = {isa = PBXFileReference; fileEncoding = 4; lastKnownFileType = sourcecode.c.objc; path = favoriteMainViewController.m; sourceTree = "<group>"; };
		B51A232C1B7A5C9900CFD674 /* FavoriteDetailViewController.h */ = {isa = PBXFileReference; fileEncoding = 4; lastKnownFileType = sourcecode.c.h; path = FavoriteDetailViewController.h; sourceTree = "<group>"; };
		B51A232D1B7A5C9900CFD674 /* FavoriteDetailViewController.m */ = {isa = PBXFileReference; fileEncoding = 4; lastKnownFileType = sourcecode.c.objc; path = FavoriteDetailViewController.m; sourceTree = "<group>"; };
		B51A232E1B7A5C9900CFD674 /* favoriteTableViewController.h */ = {isa = PBXFileReference; fileEncoding = 4; lastKnownFileType = sourcecode.c.h; path = favoriteTableViewController.h; sourceTree = "<group>"; };
		B51A232F1B7A5C9900CFD674 /* favoriteTableViewController.m */ = {isa = PBXFileReference; fileEncoding = 4; lastKnownFileType = sourcecode.c.objc; path = favoriteTableViewController.m; sourceTree = "<group>"; };
		B51A23301B7A5C9900CFD674 /* followTableViewController.h */ = {isa = PBXFileReference; fileEncoding = 4; lastKnownFileType = sourcecode.c.h; path = followTableViewController.h; sourceTree = "<group>"; };
		B51A23311B7A5C9900CFD674 /* followTableViewController.m */ = {isa = PBXFileReference; fileEncoding = 4; lastKnownFileType = sourcecode.c.objc; path = followTableViewController.m; sourceTree = "<group>"; };
		B5453E251B7A670E008964CE /* mapPostViewController.h */ = {isa = PBXFileReference; fileEncoding = 4; lastKnownFileType = sourcecode.c.h; path = mapPostViewController.h; sourceTree = "<group>"; };
		B5453E261B7A670E008964CE /* mapPostViewController.m */ = {isa = PBXFileReference; fileEncoding = 4; lastKnownFileType = sourcecode.c.objc; path = mapPostViewController.m; sourceTree = "<group>"; };
		F420E1501B8432B100D3627F /* TWMDefine.h */ = {isa = PBXFileReference; fileEncoding = 4; lastKnownFileType = sourcecode.c.h; path = TWMDefine.h; sourceTree = "<group>"; };
		F420E1511B8432B100D3627F /* TWMDefine.m */ = {isa = PBXFileReference; fileEncoding = 4; lastKnownFileType = sourcecode.c.objc; path = TWMDefine.m; sourceTree = "<group>"; };
		F420E1531B846B5D00D3627F /* comment-icon.png */ = {isa = PBXFileReference; lastKnownFileType = image.png; path = "comment-icon.png"; sourceTree = "<group>"; };
		F420E1541B846B5D00D3627F /* join-icon.png */ = {isa = PBXFileReference; lastKnownFileType = image.png; path = "join-icon.png"; sourceTree = "<group>"; };
		F420E1581B846FA500D3627F /* no-interested-icon.png */ = {isa = PBXFileReference; lastKnownFileType = image.png; path = "no-interested-icon.png"; sourceTree = "<group>"; };
		F420E15B1B84719800D3627F /* intrested-icon.png */ = {isa = PBXFileReference; lastKnownFileType = image.png; path = "intrested-icon.png"; sourceTree = "<group>"; };
		F43B3B7D1B75C03F0034B20F /* JL3MessageTableViewCell.xib */ = {isa = PBXFileReference; fileEncoding = 4; lastKnownFileType = file.xib; path = JL3MessageTableViewCell.xib; sourceTree = "<group>"; };
		F43C83191B71B13200D2A389 /* tmp900X640.png */ = {isa = PBXFileReference; lastKnownFileType = image.png; path = tmp900X640.png; sourceTree = "<group>"; };
		F43F90671B8AF46D00E509F3 /* exclamation-icon.png */ = {isa = PBXFileReference; lastKnownFileType = image.png; path = "exclamation-icon.png"; sourceTree = "<group>"; };
		F43F90691B8B2C0700E509F3 /* SelectTypeViewController.h */ = {isa = PBXFileReference; fileEncoding = 4; lastKnownFileType = sourcecode.c.h; path = SelectTypeViewController.h; sourceTree = "<group>"; };
		F43F906A1B8B2C0700E509F3 /* SelectTypeViewController.m */ = {isa = PBXFileReference; fileEncoding = 4; lastKnownFileType = sourcecode.c.objc; path = SelectTypeViewController.m; sourceTree = "<group>"; };
		F43F906C1B8C06D800E509F3 /* black.png */ = {isa = PBXFileReference; lastKnownFileType = image.png; path = black.png; sourceTree = "<group>"; };
		F44282FB1B875A9700D1F776 /* edit-icon.png */ = {isa = PBXFileReference; lastKnownFileType = image.png; path = "edit-icon.png"; sourceTree = "<group>"; };
		F44282FC1B875A9700D1F776 /* search-icon.png */ = {isa = PBXFileReference; lastKnownFileType = image.png; path = "search-icon.png"; sourceTree = "<group>"; };
		F44282FD1B875A9700D1F776 /* watch-icon.png */ = {isa = PBXFileReference; lastKnownFileType = image.png; path = "watch-icon.png"; sourceTree = "<group>"; };
		F44283011B875C2200D1F776 /* back-icon.png */ = {isa = PBXFileReference; lastKnownFileType = image.png; path = "back-icon.png"; sourceTree = "<group>"; };
		F44307E01B78A1C900DE5625 /* UIImage+ImageEffects.h */ = {isa = PBXFileReference; fileEncoding = 4; lastKnownFileType = sourcecode.c.h; path = "UIImage+ImageEffects.h"; sourceTree = "<group>"; };
		F44307E11B78A1C900DE5625 /* UIImage+ImageEffects.m */ = {isa = PBXFileReference; fileEncoding = 4; lastKnownFileType = sourcecode.c.objc; path = "UIImage+ImageEffects.m"; sourceTree = "<group>"; };
		F443FB421B60FBF300F30847 /* Map.storyboard */ = {isa = PBXFileReference; fileEncoding = 4; lastKnownFileType = file.storyboard; path = Map.storyboard; sourceTree = "<group>"; };
		F443FB441B610E8300F30847 /* MapKit.framework */ = {isa = PBXFileReference; lastKnownFileType = wrapper.framework; name = MapKit.framework; path = System/Library/Frameworks/MapKit.framework; sourceTree = SDKROOT; };
		F443FB4A1B6124D600F30847 /* WallViewController.h */ = {isa = PBXFileReference; fileEncoding = 4; lastKnownFileType = sourcecode.c.h; path = WallViewController.h; sourceTree = "<group>"; };
		F443FB4B1B6124D600F30847 /* WallViewController.m */ = {isa = PBXFileReference; fileEncoding = 4; lastKnownFileType = sourcecode.c.objc; path = WallViewController.m; sourceTree = "<group>"; };
		F443FB4D1B612F9300F30847 /* WallTableViewCell.h */ = {isa = PBXFileReference; fileEncoding = 4; lastKnownFileType = sourcecode.c.h; path = WallTableViewCell.h; sourceTree = "<group>"; };
		F443FB4E1B612F9300F30847 /* WallTableViewCell.m */ = {isa = PBXFileReference; fileEncoding = 4; lastKnownFileType = sourcecode.c.objc; path = WallTableViewCell.m; sourceTree = "<group>"; };
		F4457C1E1B7755D000A4952B /* ParallaxHeaderView.h */ = {isa = PBXFileReference; fileEncoding = 4; lastKnownFileType = sourcecode.c.h; path = ParallaxHeaderView.h; sourceTree = "<group>"; };
		F4457C1F1B7755D000A4952B /* ParallaxHeaderView.m */ = {isa = PBXFileReference; fileEncoding = 4; lastKnownFileType = sourcecode.c.objc; path = ParallaxHeaderView.m; sourceTree = "<group>"; };
		F4457C211B7756B900A4952B /* DetailMessageViewController.h */ = {isa = PBXFileReference; fileEncoding = 4; lastKnownFileType = sourcecode.c.h; path = DetailMessageViewController.h; sourceTree = "<group>"; };
		F4457C221B7756B900A4952B /* DetailMessageViewController.m */ = {isa = PBXFileReference; fileEncoding = 4; lastKnownFileType = sourcecode.c.objc; path = DetailMessageViewController.m; sourceTree = "<group>"; };
		F445E3661B6E09CD00818A18 /* Login.storyboard */ = {isa = PBXFileReference; fileEncoding = 4; lastKnownFileType = file.storyboard; path = Login.storyboard; sourceTree = "<group>"; };
		F445E3691B6E0A1100818A18 /* LoginViewController.h */ = {isa = PBXFileReference; fileEncoding = 4; lastKnownFileType = sourcecode.c.h; path = LoginViewController.h; sourceTree = "<group>"; };
		F445E36A1B6E0A1100818A18 /* LoginViewController.m */ = {isa = PBXFileReference; fileEncoding = 4; lastKnownFileType = sourcecode.c.objc; path = LoginViewController.m; sourceTree = "<group>"; };
		F445E36D1B6E0C4E00818A18 /* PrefixHeader.pch */ = {isa = PBXFileReference; fileEncoding = 4; lastKnownFileType = sourcecode.c.h; path = PrefixHeader.pch; sourceTree = "<group>"; };
		F4461ECA1B7622CE00052C94 /* JL3MessageTableViewCell.h */ = {isa = PBXFileReference; fileEncoding = 4; lastKnownFileType = sourcecode.c.h; path = JL3MessageTableViewCell.h; sourceTree = "<group>"; };
		F4461ECB1B7622CE00052C94 /* JL3MessageTableViewCell.m */ = {isa = PBXFileReference; fileEncoding = 4; lastKnownFileType = sourcecode.c.objc; path = JL3MessageTableViewCell.m; sourceTree = "<group>"; };
		F448298E1B6FB9D800ED0EA1 /* UIImage+AlphaAdditions.h */ = {isa = PBXFileReference; fileEncoding = 4; lastKnownFileType = sourcecode.c.h; path = "UIImage+AlphaAdditions.h"; sourceTree = "<group>"; };
		F448298F1B6FB9D800ED0EA1 /* UIImage+AlphaAdditions.m */ = {isa = PBXFileReference; fileEncoding = 4; lastKnownFileType = sourcecode.c.objc; path = "UIImage+AlphaAdditions.m"; sourceTree = "<group>"; };
		F44829901B6FB9D800ED0EA1 /* UIImage+ResizeAdditions.h */ = {isa = PBXFileReference; fileEncoding = 4; lastKnownFileType = sourcecode.c.h; path = "UIImage+ResizeAdditions.h"; sourceTree = "<group>"; };
		F44829911B6FB9D800ED0EA1 /* UIImage+ResizeAdditions.m */ = {isa = PBXFileReference; fileEncoding = 4; lastKnownFileType = sourcecode.c.objc; path = "UIImage+ResizeAdditions.m"; sourceTree = "<group>"; };
		F44829921B6FB9D800ED0EA1 /* UIImage+RoundedCornerAdditions.h */ = {isa = PBXFileReference; fileEncoding = 4; lastKnownFileType = sourcecode.c.h; path = "UIImage+RoundedCornerAdditions.h"; sourceTree = "<group>"; };
		F44829931B6FB9D800ED0EA1 /* UIImage+RoundedCornerAdditions.m */ = {isa = PBXFileReference; fileEncoding = 4; lastKnownFileType = sourcecode.c.objc; path = "UIImage+RoundedCornerAdditions.m"; sourceTree = "<group>"; };
		F44829981B6FBA5800ED0EA1 /* PAPUtility.h */ = {isa = PBXFileReference; fileEncoding = 4; lastKnownFileType = sourcecode.c.h; path = PAPUtility.h; sourceTree = "<group>"; };
		F44829991B6FBA5800ED0EA1 /* PAPUtility.m */ = {isa = PBXFileReference; fileEncoding = 4; lastKnownFileType = sourcecode.c.objc; path = PAPUtility.m; sourceTree = "<group>"; };
		F448299B1B6FBA8B00ED0EA1 /* PAPConstants.h */ = {isa = PBXFileReference; fileEncoding = 4; lastKnownFileType = sourcecode.c.h; path = PAPConstants.h; sourceTree = "<group>"; };
		F448299C1B6FBA8B00ED0EA1 /* PAPConstants.m */ = {isa = PBXFileReference; fileEncoding = 4; lastKnownFileType = sourcecode.c.objc; path = PAPConstants.m; sourceTree = "<group>"; };
		F448299E1B6FBAFF00ED0EA1 /* PAPCache.h */ = {isa = PBXFileReference; fileEncoding = 4; lastKnownFileType = sourcecode.c.h; path = PAPCache.h; sourceTree = "<group>"; };
		F448299F1B6FBAFF00ED0EA1 /* PAPCache.m */ = {isa = PBXFileReference; fileEncoding = 4; lastKnownFileType = sourcecode.c.objc; path = PAPCache.m; sourceTree = "<group>"; };
		F44899EB1B88AC20009ABF4C /* VIPMyActivityTableViewCell.h */ = {isa = PBXFileReference; fileEncoding = 4; lastKnownFileType = sourcecode.c.h; path = VIPMyActivityTableViewCell.h; sourceTree = "<group>"; };
		F44899EC1B88AC20009ABF4C /* VIPMyActivityTableViewCell.m */ = {isa = PBXFileReference; fileEncoding = 4; lastKnownFileType = sourcecode.c.objc; path = VIPMyActivityTableViewCell.m; sourceTree = "<group>"; };
		F44899ED1B88AC20009ABF4C /* VIPMyActivityTableViewCell.xib */ = {isa = PBXFileReference; fileEncoding = 4; lastKnownFileType = file.xib; path = VIPMyActivityTableViewCell.xib; sourceTree = "<group>"; };
		F44F3E2E1B8207F9007CE9C1 /* StartDateDaysTableViewCell.h */ = {isa = PBXFileReference; fileEncoding = 4; lastKnownFileType = sourcecode.c.h; path = StartDateDaysTableViewCell.h; sourceTree = "<group>"; };
		F44F3E2F1B8207F9007CE9C1 /* StartDateDaysTableViewCell.m */ = {isa = PBXFileReference; fileEncoding = 4; lastKnownFileType = sourcecode.c.objc; path = StartDateDaysTableViewCell.m; sourceTree = "<group>"; };
		F44F3E311B8210CD007CE9C1 /* TPKeyboardAvoidingTableView.h */ = {isa = PBXFileReference; fileEncoding = 4; lastKnownFileType = sourcecode.c.h; path = TPKeyboardAvoidingTableView.h; sourceTree = "<group>"; };
		F44F3E321B8210CD007CE9C1 /* TPKeyboardAvoidingTableView.m */ = {isa = PBXFileReference; fileEncoding = 4; lastKnownFileType = sourcecode.c.objc; path = TPKeyboardAvoidingTableView.m; sourceTree = "<group>"; };
		F44F3E341B8210F1007CE9C1 /* UIScrollView+TPKeyboardAvoidingAdditions.h */ = {isa = PBXFileReference; fileEncoding = 4; lastKnownFileType = sourcecode.c.h; path = "UIScrollView+TPKeyboardAvoidingAdditions.h"; sourceTree = "<group>"; };
		F44F3E351B8210F1007CE9C1 /* UIScrollView+TPKeyboardAvoidingAdditions.m */ = {isa = PBXFileReference; fileEncoding = 4; lastKnownFileType = sourcecode.c.objc; path = "UIScrollView+TPKeyboardAvoidingAdditions.m"; sourceTree = "<group>"; };
		F44F3E371B821102007CE9C1 /* TPKeyboardAvoidingScrollView.h */ = {isa = PBXFileReference; fileEncoding = 4; lastKnownFileType = sourcecode.c.h; path = TPKeyboardAvoidingScrollView.h; sourceTree = "<group>"; };
		F44F3E381B821102007CE9C1 /* TPKeyboardAvoidingScrollView.m */ = {isa = PBXFileReference; fileEncoding = 4; lastKnownFileType = sourcecode.c.objc; path = TPKeyboardAvoidingScrollView.m; sourceTree = "<group>"; };
		F46573661B5552D800DA3D7B /* JLTableViewCell.h */ = {isa = PBXFileReference; fileEncoding = 4; lastKnownFileType = sourcecode.c.h; path = JLTableViewCell.h; sourceTree = "<group>"; };
		F46573671B5552D800DA3D7B /* JLTableViewCell.m */ = {isa = PBXFileReference; fileEncoding = 4; lastKnownFileType = sourcecode.c.objc; path = JLTableViewCell.m; sourceTree = "<group>"; };
		F46573681B5552D800DA3D7B /* JL2TableViewCell.h */ = {isa = PBXFileReference; fileEncoding = 4; lastKnownFileType = sourcecode.c.h; path = JL2TableViewCell.h; sourceTree = "<group>"; };
		F46573691B5552D800DA3D7B /* JL2TableViewCell.m */ = {isa = PBXFileReference; fileEncoding = 4; lastKnownFileType = sourcecode.c.objc; path = JL2TableViewCell.m; sourceTree = "<group>"; };
		F465736A1B5552D800DA3D7B /* JL2TableViewCell.xib */ = {isa = PBXFileReference; fileEncoding = 4; lastKnownFileType = file.xib; path = JL2TableViewCell.xib; sourceTree = "<group>"; };
		F465736B1B5552D800DA3D7B /* JLTableViewCell.xib */ = {isa = PBXFileReference; fileEncoding = 4; lastKnownFileType = file.xib; path = JLTableViewCell.xib; sourceTree = "<group>"; };
		F475569B1B4BACF2008CEE3A /* TravelWithMe.app */ = {isa = PBXFileReference; explicitFileType = wrapper.application; includeInIndex = 0; path = TravelWithMe.app; sourceTree = BUILT_PRODUCTS_DIR; };
		F475569F1B4BACF2008CEE3A /* Info.plist */ = {isa = PBXFileReference; lastKnownFileType = text.plist.xml; path = Info.plist; sourceTree = "<group>"; };
		F47556A01B4BACF2008CEE3A /* main.m */ = {isa = PBXFileReference; lastKnownFileType = sourcecode.c.objc; path = main.m; sourceTree = "<group>"; };
		F47556A21B4BACF2008CEE3A /* AppDelegate.h */ = {isa = PBXFileReference; lastKnownFileType = sourcecode.c.h; path = AppDelegate.h; sourceTree = "<group>"; };
		F47556A31B4BACF2008CEE3A /* AppDelegate.m */ = {isa = PBXFileReference; lastKnownFileType = sourcecode.c.objc; path = AppDelegate.m; sourceTree = "<group>"; };
		F47556A91B4BACF2008CEE3A /* Base */ = {isa = PBXFileReference; lastKnownFileType = file.storyboard; name = Base; path = Base.lproj/Main.storyboard; sourceTree = "<group>"; };
		F47556AB1B4BACF2008CEE3A /* Images.xcassets */ = {isa = PBXFileReference; lastKnownFileType = folder.assetcatalog; path = Images.xcassets; sourceTree = "<group>"; };
		F47556AE1B4BACF2008CEE3A /* Base */ = {isa = PBXFileReference; lastKnownFileType = file.xib; name = Base; path = Base.lproj/LaunchScreen.xib; sourceTree = "<group>"; };
		F47556B41B4BACF2008CEE3A /* TravelWithMeTests.xctest */ = {isa = PBXFileReference; explicitFileType = wrapper.cfbundle; includeInIndex = 0; path = TravelWithMeTests.xctest; sourceTree = BUILT_PRODUCTS_DIR; };
		F47556B91B4BACF2008CEE3A /* Info.plist */ = {isa = PBXFileReference; lastKnownFileType = text.plist.xml; path = Info.plist; sourceTree = "<group>"; };
		F47556BA1B4BACF2008CEE3A /* TravelWithMeTests.m */ = {isa = PBXFileReference; lastKnownFileType = sourcecode.c.objc; path = TravelWithMeTests.m; sourceTree = "<group>"; };
		F47556C41B4BD40F008CEE3A /* Favorite.storyboard */ = {isa = PBXFileReference; fileEncoding = 4; lastKnownFileType = file.storyboard; path = Favorite.storyboard; sourceTree = "<group>"; };
		F486EF451B4C34D2008CB97B /* Setting.storyboard */ = {isa = PBXFileReference; fileEncoding = 4; lastKnownFileType = file.storyboard; path = Setting.storyboard; sourceTree = "<group>"; };
		F48B16CB1B5F405600E96B0D /* AudioToolbox.framework */ = {isa = PBXFileReference; lastKnownFileType = wrapper.framework; name = AudioToolbox.framework; path = System/Library/Frameworks/AudioToolbox.framework; sourceTree = SDKROOT; };
		F48B16CD1B5F406300E96B0D /* CFNetwork.framework */ = {isa = PBXFileReference; lastKnownFileType = wrapper.framework; name = CFNetwork.framework; path = System/Library/Frameworks/CFNetwork.framework; sourceTree = SDKROOT; };
		F48B16CF1B5F407800E96B0D /* CoreGraphics.framework */ = {isa = PBXFileReference; lastKnownFileType = wrapper.framework; name = CoreGraphics.framework; path = System/Library/Frameworks/CoreGraphics.framework; sourceTree = SDKROOT; };
		F48B16D01B5F407800E96B0D /* CoreLocation.framework */ = {isa = PBXFileReference; lastKnownFileType = wrapper.framework; name = CoreLocation.framework; path = System/Library/Frameworks/CoreLocation.framework; sourceTree = SDKROOT; };
		F48B16D31B5F408400E96B0D /* QuartzCore.framework */ = {isa = PBXFileReference; lastKnownFileType = wrapper.framework; name = QuartzCore.framework; path = System/Library/Frameworks/QuartzCore.framework; sourceTree = SDKROOT; };
		F48B16D51B5F408D00E96B0D /* Security.framework */ = {isa = PBXFileReference; lastKnownFileType = wrapper.framework; name = Security.framework; path = System/Library/Frameworks/Security.framework; sourceTree = SDKROOT; };
		F48B16D91B5F40A200E96B0D /* SystemConfiguration.framework */ = {isa = PBXFileReference; lastKnownFileType = wrapper.framework; name = SystemConfiguration.framework; path = System/Library/Frameworks/SystemConfiguration.framework; sourceTree = SDKROOT; };
		F48B16DB1B5F40B600E96B0D /* libz.dylib */ = {isa = PBXFileReference; lastKnownFileType = "compiled.mach-o.dylib"; name = libz.dylib; path = usr/lib/libz.dylib; sourceTree = SDKROOT; };
		F48B16DD1B5F40C700E96B0D /* libsqlite3.dylib */ = {isa = PBXFileReference; lastKnownFileType = "compiled.mach-o.dylib"; name = libsqlite3.dylib; path = usr/lib/libsqlite3.dylib; sourceTree = SDKROOT; };
		F48B16DF1B5F40D200E96B0D /* Accounts.framework */ = {isa = PBXFileReference; lastKnownFileType = wrapper.framework; name = Accounts.framework; path = System/Library/Frameworks/Accounts.framework; sourceTree = SDKROOT; };
		F48B16E11B5F40D900E96B0D /* Social.framework */ = {isa = PBXFileReference; lastKnownFileType = wrapper.framework; name = Social.framework; path = System/Library/Frameworks/Social.framework; sourceTree = SDKROOT; };
		F4B387421B831250007740D5 /* SharePhotoTableViewCell.h */ = {isa = PBXFileReference; fileEncoding = 4; lastKnownFileType = sourcecode.c.h; path = SharePhotoTableViewCell.h; sourceTree = "<group>"; };
		F4B387431B831250007740D5 /* SharePhotoTableViewCell.m */ = {isa = PBXFileReference; fileEncoding = 4; lastKnownFileType = sourcecode.c.objc; path = SharePhotoTableViewCell.m; sourceTree = "<group>"; };
		F4B387481B83465C007740D5 /* MemoTableViewCell.h */ = {isa = PBXFileReference; fileEncoding = 4; lastKnownFileType = sourcecode.c.h; path = MemoTableViewCell.h; sourceTree = "<group>"; };
		F4B387491B83465C007740D5 /* MemoTableViewCell.m */ = {isa = PBXFileReference; fileEncoding = 4; lastKnownFileType = sourcecode.c.objc; path = MemoTableViewCell.m; sourceTree = "<group>"; };
		F4BC50DE1B7E54ED008C3EC4 /* HomePageViewController.h */ = {isa = PBXFileReference; fileEncoding = 4; lastKnownFileType = sourcecode.c.h; path = HomePageViewController.h; sourceTree = "<group>"; };
		F4BC50DF1B7E54ED008C3EC4 /* HomePageViewController.m */ = {isa = PBXFileReference; fileEncoding = 4; lastKnownFileType = sourcecode.c.objc; path = HomePageViewController.m; sourceTree = "<group>"; };
		F4BC50E01B7E54ED008C3EC4 /* ParallaxTableViewCell.h */ = {isa = PBXFileReference; fileEncoding = 4; lastKnownFileType = sourcecode.c.h; path = ParallaxTableViewCell.h; sourceTree = "<group>"; };
		F4BC50E11B7E54ED008C3EC4 /* ParallaxTableViewCell.m */ = {isa = PBXFileReference; fileEncoding = 4; lastKnownFileType = sourcecode.c.objc; path = ParallaxTableViewCell.m; sourceTree = "<group>"; };
		F4CEF12B1B81B87C006D2B71 /* PostViewController.h */ = {isa = PBXFileReference; fileEncoding = 4; lastKnownFileType = sourcecode.c.h; path = PostViewController.h; sourceTree = "<group>"; };
		F4CEF12C1B81B87C006D2B71 /* PostViewController.m */ = {isa = PBXFileReference; fileEncoding = 4; lastKnownFileType = sourcecode.c.objc; path = PostViewController.m; sourceTree = "<group>"; };
		F4CEF12E1B81D251006D2B71 /* share_photo.png */ = {isa = PBXFileReference; lastKnownFileType = image.png; path = share_photo.png; sourceTree = "<group>"; };
		F4CEF1551B81F4CE006D2B71 /* CountryCityTableViewCell.h */ = {isa = PBXFileReference; fileEncoding = 4; lastKnownFileType = sourcecode.c.h; path = CountryCityTableViewCell.h; sourceTree = "<group>"; };
		F4CEF1561B81F4CE006D2B71 /* CountryCityTableViewCell.m */ = {isa = PBXFileReference; fileEncoding = 4; lastKnownFileType = sourcecode.c.objc; path = CountryCityTableViewCell.m; sourceTree = "<group>"; };
		F4DA4C5A1B4E9D0500421F2F /* UIColors.h */ = {isa = PBXFileReference; fileEncoding = 4; lastKnownFileType = sourcecode.c.h; path = UIColors.h; sourceTree = "<group>"; };
		F4DA4C5B1B4E9D0500421F2F /* UIColors.m */ = {isa = PBXFileReference; fileEncoding = 4; lastKnownFileType = sourcecode.c.objc; path = UIColors.m; sourceTree = "<group>"; };
		F4DA4C5E1B4EC96F00421F2F /* HomePostViewController.h */ = {isa = PBXFileReference; fileEncoding = 4; lastKnownFileType = sourcecode.c.h; path = HomePostViewController.h; sourceTree = "<group>"; };
		F4DA4C5F1B4EC96F00421F2F /* HomePostViewController.m */ = {isa = PBXFileReference; fileEncoding = 4; lastKnownFileType = sourcecode.c.objc; path = HomePostViewController.m; sourceTree = "<group>"; };
		F4DA4C641B4FF09200421F2F /* HomeDetailViewController.h */ = {isa = PBXFileReference; fileEncoding = 4; lastKnownFileType = sourcecode.c.h; path = HomeDetailViewController.h; sourceTree = "<group>"; };
		F4DA4C651B4FF09200421F2F /* HomeDetailViewController.m */ = {isa = PBXFileReference; fileEncoding = 4; lastKnownFileType = sourcecode.c.objc; path = HomeDetailViewController.m; sourceTree = "<group>"; };
/* End PBXFileReference section */

/* Begin PBXFrameworksBuildPhase section */
		A521DE061B864F5200A0173D /* Frameworks */ = {
			isa = PBXFrameworksBuildPhase;
			buildActionMask = 2147483647;
			files = (
				A521DE0A1B864F5200A0173D /* NotificationCenter.framework in Frameworks */,
			);
			runOnlyForDeploymentPostprocessing = 0;
		};
		F47556981B4BACF2008CEE3A /* Frameworks */ = {
			isa = PBXFrameworksBuildPhase;
			buildActionMask = 2147483647;
			files = (
				A50ED4411B7852D200651C3E /* Foundation.framework in Frameworks */,
				A50ED43F1B7852AD00651C3E /* UIKit.framework in Frameworks */,
				A5D374921B646BEC00A57791 /* MessageUI.framework in Frameworks */,
				F443FB451B610E8300F30847 /* MapKit.framework in Frameworks */,
				F48B16E21B5F40D900E96B0D /* Social.framework in Frameworks */,
				F48B16E01B5F40D200E96B0D /* Accounts.framework in Frameworks */,
				F48B16DE1B5F40C700E96B0D /* libsqlite3.dylib in Frameworks */,
				F48B16DC1B5F40B600E96B0D /* libz.dylib in Frameworks */,
				F48B16DA1B5F40A200E96B0D /* SystemConfiguration.framework in Frameworks */,
				F48B16D61B5F408D00E96B0D /* Security.framework in Frameworks */,
				F48B16D41B5F408400E96B0D /* QuartzCore.framework in Frameworks */,
				F48B16D11B5F407800E96B0D /* CoreGraphics.framework in Frameworks */,
				F48B16D21B5F407800E96B0D /* CoreLocation.framework in Frameworks */,
				F48B16CE1B5F406300E96B0D /* CFNetwork.framework in Frameworks */,
				F48B16CC1B5F405600E96B0D /* AudioToolbox.framework in Frameworks */,
				585397B91799ED43F93A41C9 /* Pods.framework in Frameworks */,
			);
			runOnlyForDeploymentPostprocessing = 0;
		};
		F47556B11B4BACF2008CEE3A /* Frameworks */ = {
			isa = PBXFrameworksBuildPhase;
			buildActionMask = 2147483647;
			files = (
			);
			runOnlyForDeploymentPostprocessing = 0;
		};
/* End PBXFrameworksBuildPhase section */

/* Begin PBXGroup section */
		789577451EB4254F88441C4F /* Frameworks */ = {
			isa = PBXGroup;
			children = (
				A50ED4401B7852D200651C3E /* Foundation.framework */,
				A50ED43E1B7852AD00651C3E /* UIKit.framework */,
				A5D374911B646BEC00A57791 /* MessageUI.framework */,
				F443FB441B610E8300F30847 /* MapKit.framework */,
				F48B16E11B5F40D900E96B0D /* Social.framework */,
				F48B16DF1B5F40D200E96B0D /* Accounts.framework */,
				F48B16DD1B5F40C700E96B0D /* libsqlite3.dylib */,
				F48B16DB1B5F40B600E96B0D /* libz.dylib */,
				F48B16D91B5F40A200E96B0D /* SystemConfiguration.framework */,
				F48B16D51B5F408D00E96B0D /* Security.framework */,
				F48B16D31B5F408400E96B0D /* QuartzCore.framework */,
				F48B16CF1B5F407800E96B0D /* CoreGraphics.framework */,
				F48B16D01B5F407800E96B0D /* CoreLocation.framework */,
				F48B16CD1B5F406300E96B0D /* CFNetwork.framework */,
				F48B16CB1B5F405600E96B0D /* AudioToolbox.framework */,
				A52B782F1B81BE1E00F8DEF2 /* NotificationCenter.framework */,
				927D24742B4F2C6030CB033A /* Pods.framework */,
			);
			name = Frameworks;
			sourceTree = "<group>";
		};
		A521DE0B1B864F5200A0173D /* TraveIWithMe */ = {
			isa = PBXGroup;
			children = (
				A55AD25E1B8AF803009AC07B /* demo_7.jpg */,
				A521DE0E1B864F5200A0173D /* TodayViewController.h */,
				A521DE0F1B864F5200A0173D /* TodayViewController.m */,
				A521DE111B864F5200A0173D /* MainInterface.storyboard */,
				A521DE0C1B864F5200A0173D /* Supporting Files */,
			);
			path = TraveIWithMe;
			sourceTree = "<group>";
		};
		A521DE0C1B864F5200A0173D /* Supporting Files */ = {
			isa = PBXGroup;
			children = (
				A521DE0D1B864F5200A0173D /* Info.plist */,
			);
			name = "Supporting Files";
			sourceTree = "<group>";
		};
		A55669961B80EAEF00F588E3 /* CExpandHeader */ = {
			isa = PBXGroup;
			children = (
				A55669931B80EAE300F588E3 /* CExpandHeader.h */,
				A55669941B80EAE300F588E3 /* CExpandHeader.m */,
			);
			name = CExpandHeader;
			sourceTree = "<group>";
		};
		F2BC6DDE6C40B624B4CA3196 /* Pods */ = {
			isa = PBXGroup;
			children = (
				44BCC490976B2C9D75A6541C /* Pods.debug.xcconfig */,
				A2A1A052438CEB9B22CC0114 /* Pods.release.xcconfig */,
			);
			name = Pods;
			sourceTree = "<group>";
		};
		F443FB411B60FB9A00F30847 /* MapView */ = {
			isa = PBXGroup;
			children = (
				F443FB421B60FBF300F30847 /* Map.storyboard */,
				A53CBBB51B67FA630039369A /* MapViewController.h */,
				A53CBBB61B67FA630039369A /* MapViewController.m */,
				B5453E251B7A670E008964CE /* mapPostViewController.h */,
				B5453E261B7A670E008964CE /* mapPostViewController.m */,
				F43F90691B8B2C0700E509F3 /* SelectTypeViewController.h */,
				F43F906A1B8B2C0700E509F3 /* SelectTypeViewController.m */,
				F43F906C1B8C06D800E509F3 /* black.png */,
			);
			name = MapView;
			sourceTree = "<group>";
		};
		F443FB461B611CD500F30847 /* DetailView */ = {
			isa = PBXGroup;
			children = (
				F4DA4C641B4FF09200421F2F /* HomeDetailViewController.h */,
				F4DA4C651B4FF09200421F2F /* HomeDetailViewController.m */,
				F4457C211B7756B900A4952B /* DetailMessageViewController.h */,
				F4457C221B7756B900A4952B /* DetailMessageViewController.m */,
				F46573661B5552D800DA3D7B /* JLTableViewCell.h */,
				F46573671B5552D800DA3D7B /* JLTableViewCell.m */,
				F46573681B5552D800DA3D7B /* JL2TableViewCell.h */,
				F46573691B5552D800DA3D7B /* JL2TableViewCell.m */,
				F4461ECA1B7622CE00052C94 /* JL3MessageTableViewCell.h */,
				F4461ECB1B7622CE00052C94 /* JL3MessageTableViewCell.m */,
				F465736B1B5552D800DA3D7B /* JLTableViewCell.xib */,
				F465736A1B5552D800DA3D7B /* JL2TableViewCell.xib */,
				F43B3B7D1B75C03F0034B20F /* JL3MessageTableViewCell.xib */,
			);
			name = DetailView;
			sourceTree = "<group>";
		};
		F443FB471B61209500F30847 /* PostView */ = {
			isa = PBXGroup;
			children = (
				F4DA4C5E1B4EC96F00421F2F /* HomePostViewController.h */,
				F4DA4C5F1B4EC96F00421F2F /* HomePostViewController.m */,
				F4CEF12B1B81B87C006D2B71 /* PostViewController.h */,
				F4CEF12C1B81B87C006D2B71 /* PostViewController.m */,
				F4CEF1551B81F4CE006D2B71 /* CountryCityTableViewCell.h */,
				F4CEF1561B81F4CE006D2B71 /* CountryCityTableViewCell.m */,
				F44F3E2E1B8207F9007CE9C1 /* StartDateDaysTableViewCell.h */,
				F44F3E2F1B8207F9007CE9C1 /* StartDateDaysTableViewCell.m */,
				F4B387421B831250007740D5 /* SharePhotoTableViewCell.h */,
				F4B387431B831250007740D5 /* SharePhotoTableViewCell.m */,
				F4B387481B83465C007740D5 /* MemoTableViewCell.h */,
				F4B387491B83465C007740D5 /* MemoTableViewCell.m */,
			);
			name = PostView;
			sourceTree = "<group>";
		};
		F443FB491B6121DE00F30847 /* DynamicWall */ = {
			isa = PBXGroup;
			children = (
				F443FB4A1B6124D600F30847 /* WallViewController.h */,
				F443FB4B1B6124D600F30847 /* WallViewController.m */,
				F443FB4D1B612F9300F30847 /* WallTableViewCell.h */,
				F443FB4E1B612F9300F30847 /* WallTableViewCell.m */,
			);
			name = DynamicWall;
			sourceTree = "<group>";
		};
		F4457C1C1B77557500A4952B /* ParseSampleCode */ = {
			isa = PBXGroup;
			children = (
				F44829981B6FBA5800ED0EA1 /* PAPUtility.h */,
				F44829991B6FBA5800ED0EA1 /* PAPUtility.m */,
				F448299B1B6FBA8B00ED0EA1 /* PAPConstants.h */,
				F448299C1B6FBA8B00ED0EA1 /* PAPConstants.m */,
				F448299E1B6FBAFF00ED0EA1 /* PAPCache.h */,
				F448299F1B6FBAFF00ED0EA1 /* PAPCache.m */,
				F448298E1B6FB9D800ED0EA1 /* UIImage+AlphaAdditions.h */,
				F448298F1B6FB9D800ED0EA1 /* UIImage+AlphaAdditions.m */,
				F44829901B6FB9D800ED0EA1 /* UIImage+ResizeAdditions.h */,
				F44829911B6FB9D800ED0EA1 /* UIImage+ResizeAdditions.m */,
				F44829921B6FB9D800ED0EA1 /* UIImage+RoundedCornerAdditions.h */,
				F44829931B6FB9D800ED0EA1 /* UIImage+RoundedCornerAdditions.m */,
			);
			name = ParseSampleCode;
			sourceTree = "<group>";
		};
		F4457C1D1B7755A200A4952B /* ParallaxTableViewHeader */ = {
			isa = PBXGroup;
			children = (
				F4457C1E1B7755D000A4952B /* ParallaxHeaderView.h */,
				F4457C1F1B7755D000A4952B /* ParallaxHeaderView.m */,
				F44307E01B78A1C900DE5625 /* UIImage+ImageEffects.h */,
				F44307E11B78A1C900DE5625 /* UIImage+ImageEffects.m */,
			);
			name = ParallaxTableViewHeader;
			sourceTree = "<group>";
		};
		F4457C241B7783F400A4952B /* ThirdParty */ = {
			isa = PBXGroup;
			children = (
				F44F3E3A1B821194007CE9C1 /* TPKeyboard */,
				F4457C1D1B7755A200A4952B /* ParallaxTableViewHeader */,
				F4457C1C1B77557500A4952B /* ParseSampleCode */,
			);
			name = ThirdParty;
			sourceTree = "<group>";
		};
		F445E3681B6E09D700818A18 /* LoginView */ = {
			isa = PBXGroup;
			children = (
				A519F60B1B8C1012001D0A78 /* Delete Sign Filled-100.png */,
				A519F6091B8C0FFF001D0A78 /* login-background-video.mp4 */,
				F445E3661B6E09CD00818A18 /* Login.storyboard */,
				F445E3691B6E0A1100818A18 /* LoginViewController.h */,
				F445E36A1B6E0A1100818A18 /* LoginViewController.m */,
			);
			name = LoginView;
			sourceTree = "<group>";
		};
		F44F3E3A1B821194007CE9C1 /* TPKeyboard */ = {
			isa = PBXGroup;
			children = (
				F44F3E311B8210CD007CE9C1 /* TPKeyboardAvoidingTableView.h */,
				F44F3E321B8210CD007CE9C1 /* TPKeyboardAvoidingTableView.m */,
				F44F3E341B8210F1007CE9C1 /* UIScrollView+TPKeyboardAvoidingAdditions.h */,
				F44F3E351B8210F1007CE9C1 /* UIScrollView+TPKeyboardAvoidingAdditions.m */,
				F44F3E371B821102007CE9C1 /* TPKeyboardAvoidingScrollView.h */,
				F44F3E381B821102007CE9C1 /* TPKeyboardAvoidingScrollView.m */,
			);
			name = TPKeyboard;
			sourceTree = "<group>";
		};
		F47556921B4BACF2008CEE3A = {
			isa = PBXGroup;
			children = (
				F475569D1B4BACF2008CEE3A /* TravelWithMe */,
				F47556B71B4BACF2008CEE3A /* TravelWithMeTests */,
				F445E36D1B6E0C4E00818A18 /* PrefixHeader.pch */,
				A521DE0B1B864F5200A0173D /* TraveIWithMe */,
				F475569C1B4BACF2008CEE3A /* Products */,
				F2BC6DDE6C40B624B4CA3196 /* Pods */,
				789577451EB4254F88441C4F /* Frameworks */,
			);
			sourceTree = "<group>";
		};
		F475569C1B4BACF2008CEE3A /* Products */ = {
			isa = PBXGroup;
			children = (
				F475569B1B4BACF2008CEE3A /* TravelWithMe.app */,
				F47556B41B4BACF2008CEE3A /* TravelWithMeTests.xctest */,
				A521DE091B864F5200A0173D /* TraveIWithMe.appex */,
			);
			name = Products;
			sourceTree = "<group>";
		};
		F475569D1B4BACF2008CEE3A /* TravelWithMe */ = {
			isa = PBXGroup;
			children = (
				F486EF421B4C30A9008CB97B /* HomeVIew */,
				F486EF431B4C327F008CB97B /* FavoriteView */,
				F486EF441B4C328E008CB97B /* SettingView */,
				F443FB411B60FB9A00F30847 /* MapView */,
				F445E3681B6E09D700818A18 /* LoginView */,
				F4DA4C5D1B4E9D0C00421F2F /* Comm */,
				F4457C241B7783F400A4952B /* ThirdParty */,
				F47556AB1B4BACF2008CEE3A /* Images.xcassets */,
				F47556AD1B4BACF2008CEE3A /* LaunchScreen.xib */,
				F475569E1B4BACF2008CEE3A /* Supporting Files */,
			);
			path = TravelWithMe;
			sourceTree = "<group>";
		};
		F475569E1B4BACF2008CEE3A /* Supporting Files */ = {
			isa = PBXGroup;
			children = (
				F475569F1B4BACF2008CEE3A /* Info.plist */,
				F47556A01B4BACF2008CEE3A /* main.m */,
			);
			name = "Supporting Files";
			sourceTree = "<group>";
		};
		F47556B71B4BACF2008CEE3A /* TravelWithMeTests */ = {
			isa = PBXGroup;
			children = (
				F47556BA1B4BACF2008CEE3A /* TravelWithMeTests.m */,
				F47556B81B4BACF2008CEE3A /* Supporting Files */,
			);
			path = TravelWithMeTests;
			sourceTree = "<group>";
		};
		F47556B81B4BACF2008CEE3A /* Supporting Files */ = {
			isa = PBXGroup;
			children = (
				F47556B91B4BACF2008CEE3A /* Info.plist */,
			);
			name = "Supporting Files";
			sourceTree = "<group>";
		};
		F486EF421B4C30A9008CB97B /* HomeVIew */ = {
			isa = PBXGroup;
			children = (
				F4BC50E41B7E54F3008C3EC4 /* HomePage */,
				F443FB471B61209500F30847 /* PostView */,
				F443FB461B611CD500F30847 /* DetailView */,
				F443FB491B6121DE00F30847 /* DynamicWall */,
				F420E1531B846B5D00D3627F /* comment-icon.png */,
				F44282FB1B875A9700D1F776 /* edit-icon.png */,
				F44282FC1B875A9700D1F776 /* search-icon.png */,
				F44282FD1B875A9700D1F776 /* watch-icon.png */,
				F420E1541B846B5D00D3627F /* join-icon.png */,
				F420E15B1B84719800D3627F /* intrested-icon.png */,
				F420E1581B846FA500D3627F /* no-interested-icon.png */,
				F43F90671B8AF46D00E509F3 /* exclamation-icon.png */,
				F43C83191B71B13200D2A389 /* tmp900X640.png */,
				F4CEF12E1B81D251006D2B71 /* share_photo.png */,
				F44283011B875C2200D1F776 /* back-icon.png */,
				F47556A81B4BACF2008CEE3A /* Main.storyboard */,
			);
			name = HomeVIew;
			sourceTree = "<group>";
		};
		F486EF431B4C327F008CB97B /* FavoriteView */ = {
			isa = PBXGroup;
			children = (
				F47556C41B4BD40F008CEE3A /* Favorite.storyboard */,
				B51A232A1B7A5C9900CFD674 /* favoriteMainViewController.h */,
				B51A232B1B7A5C9900CFD674 /* favoriteMainViewController.m */,
				B51A232C1B7A5C9900CFD674 /* FavoriteDetailViewController.h */,
				B51A232D1B7A5C9900CFD674 /* FavoriteDetailViewController.m */,
				B51A232E1B7A5C9900CFD674 /* favoriteTableViewController.h */,
				B51A232F1B7A5C9900CFD674 /* favoriteTableViewController.m */,
				B51A23301B7A5C9900CFD674 /* followTableViewController.h */,
				B51A23311B7A5C9900CFD674 /* followTableViewController.m */,
			);
			name = FavoriteView;
			sourceTree = "<group>";
		};
		F486EF441B4C328E008CB97B /* SettingView */ = {
			isa = PBXGroup;
			children = (
				A55669961B80EAEF00F588E3 /* CExpandHeader */,
				F486EF451B4C34D2008CB97B /* Setting.storyboard */,
				A521DE031B864E5400A0173D /* Delete Sign-100.png */,
				A56DC6251B80EC3E009C621F /* 22.png */,
				A5E1670B1B6903B70036ABE4 /* SettingTableViewControlle.h */,
				A5E1670C1B6903B70036ABE4 /* SettingTableViewControlle.m */,
				A52E4EB71B63817400285C83 /* VIPViewController.h */,
				A52E4EB81B63817400285C83 /* VIPViewController.m */,
				F44899EB1B88AC20009ABF4C /* VIPMyActivityTableViewCell.h */,
				F44899EC1B88AC20009ABF4C /* VIPMyActivityTableViewCell.m */,
				F44899ED1B88AC20009ABF4C /* VIPMyActivityTableViewCell.xib */,
				A55171811B86151A002841AB /* PolicyViewController.h */,
				A55171821B86151A002841AB /* PolicyViewController.m */,
				A524E7F81B86C54F0094A684 /* LegalViewController.h */,
				A524E7F91B86C54F0094A684 /* LegalViewController.m */,
			);
			name = SettingView;
			sourceTree = "<group>";
		};
		F4BC50E41B7E54F3008C3EC4 /* HomePage */ = {
			isa = PBXGroup;
			children = (
				F4BC50DE1B7E54ED008C3EC4 /* HomePageViewController.h */,
				F4BC50DF1B7E54ED008C3EC4 /* HomePageViewController.m */,
				F4BC50E11B7E54ED008C3EC4 /* ParallaxTableViewCell.m */,
				F4BC50E01B7E54ED008C3EC4 /* ParallaxTableViewCell.h */,
			);
			name = HomePage;
			sourceTree = "<group>";
		};
		F4DA4C5D1B4E9D0C00421F2F /* Comm */ = {
			isa = PBXGroup;
			children = (
				F47556A21B4BACF2008CEE3A /* AppDelegate.h */,
				F47556A31B4BACF2008CEE3A /* AppDelegate.m */,
				F4DA4C5A1B4E9D0500421F2F /* UIColors.h */,
				F4DA4C5B1B4E9D0500421F2F /* UIColors.m */,
				F420E1501B8432B100D3627F /* TWMDefine.h */,
				F420E1511B8432B100D3627F /* TWMDefine.m */,
			);
			name = Comm;
			sourceTree = "<group>";
		};
/* End PBXGroup section */

/* Begin PBXNativeTarget section */
		A521DE081B864F5200A0173D /* TraveIWithMe */ = {
			isa = PBXNativeTarget;
			buildConfigurationList = A521DE161B864F5200A0173D /* Build configuration list for PBXNativeTarget "TraveIWithMe" */;
			buildPhases = (
				A521DE051B864F5200A0173D /* Sources */,
				A521DE061B864F5200A0173D /* Frameworks */,
				A521DE071B864F5200A0173D /* Resources */,
			);
			buildRules = (
			);
			dependencies = (
			);
			name = TraveIWithMe;
			productName = TraveIWithMe;
			productReference = A521DE091B864F5200A0173D /* TraveIWithMe.appex */;
			productType = "com.apple.product-type.app-extension";
		};
		F475569A1B4BACF2008CEE3A /* TravelWithMe */ = {
			isa = PBXNativeTarget;
			buildConfigurationList = F47556BE1B4BACF2008CEE3A /* Build configuration list for PBXNativeTarget "TravelWithMe" */;
			buildPhases = (
				F9A3F7C025417276C27C5DC8 /* Check Pods Manifest.lock */,
				F47556971B4BACF2008CEE3A /* Sources */,
				F47556981B4BACF2008CEE3A /* Frameworks */,
				F47556991B4BACF2008CEE3A /* Resources */,
				9AC75E90ACAFD2D8CE5C8A16 /* Copy Pods Resources */,
				A52B783F1B81BE1E00F8DEF2 /* Embed App Extensions */,
				8EA905329E861224FDD12D0E /* Embed Pods Frameworks */,
			);
			buildRules = (
			);
			dependencies = (
				A521DE141B864F5200A0173D /* PBXTargetDependency */,
			);
			name = TravelWithMe;
			productName = TravelWithMe;
			productReference = F475569B1B4BACF2008CEE3A /* TravelWithMe.app */;
			productType = "com.apple.product-type.application";
		};
		F47556B31B4BACF2008CEE3A /* TravelWithMeTests */ = {
			isa = PBXNativeTarget;
			buildConfigurationList = F47556C11B4BACF2008CEE3A /* Build configuration list for PBXNativeTarget "TravelWithMeTests" */;
			buildPhases = (
				F47556B01B4BACF2008CEE3A /* Sources */,
				F47556B11B4BACF2008CEE3A /* Frameworks */,
				F47556B21B4BACF2008CEE3A /* Resources */,
			);
			buildRules = (
			);
			dependencies = (
				F47556B61B4BACF2008CEE3A /* PBXTargetDependency */,
			);
			name = TravelWithMeTests;
			productName = TravelWithMeTests;
			productReference = F47556B41B4BACF2008CEE3A /* TravelWithMeTests.xctest */;
			productType = "com.apple.product-type.bundle.unit-test";
		};
/* End PBXNativeTarget section */

/* Begin PBXProject section */
		F47556931B4BACF2008CEE3A /* Project object */ = {
			isa = PBXProject;
			attributes = {
				LastUpgradeCheck = 0640;
				ORGANIZATIONNAME = Jesse;
				TargetAttributes = {
					A521DE081B864F5200A0173D = {
						CreatedOnToolsVersion = 6.4;
						DevelopmentTeam = X69W8ZBR5M;
					};
					F475569A1B4BACF2008CEE3A = {
						CreatedOnToolsVersion = 6.4;
						DevelopmentTeam = X69W8ZBR5M;
						SystemCapabilities = {
							com.apple.InAppPurchase = {
								enabled = 0;
							};
						};
					};
					F47556B31B4BACF2008CEE3A = {
						CreatedOnToolsVersion = 6.4;
						TestTargetID = F475569A1B4BACF2008CEE3A;
					};
				};
			};
			buildConfigurationList = F47556961B4BACF2008CEE3A /* Build configuration list for PBXProject "TravelWithMe" */;
			compatibilityVersion = "Xcode 3.2";
			developmentRegion = English;
			hasScannedForEncodings = 0;
			knownRegions = (
				en,
				Base,
			);
			mainGroup = F47556921B4BACF2008CEE3A;
			productRefGroup = F475569C1B4BACF2008CEE3A /* Products */;
			projectDirPath = "";
			projectRoot = "";
			targets = (
				F475569A1B4BACF2008CEE3A /* TravelWithMe */,
				F47556B31B4BACF2008CEE3A /* TravelWithMeTests */,
				A521DE081B864F5200A0173D /* TraveIWithMe */,
			);
		};
/* End PBXProject section */

/* Begin PBXResourcesBuildPhase section */
		A521DE071B864F5200A0173D /* Resources */ = {
			isa = PBXResourcesBuildPhase;
			buildActionMask = 2147483647;
			files = (
				A55AD25F1B8AF803009AC07B /* demo_7.jpg in Resources */,
				A521DE121B864F5200A0173D /* MainInterface.storyboard in Resources */,
			);
			runOnlyForDeploymentPostprocessing = 0;
		};
		F47556991B4BACF2008CEE3A /* Resources */ = {
			isa = PBXResourcesBuildPhase;
			buildActionMask = 2147483647;
			files = (
				F420E1561B846B5D00D3627F /* join-icon.png in Resources */,
				A519F60C1B8C1012001D0A78 /* Delete Sign Filled-100.png in Resources */,
				F445E3671B6E09CD00818A18 /* Login.storyboard in Resources */,
				F44283001B875A9700D1F776 /* watch-icon.png in Resources */,
				F443FB431B60FBF300F30847 /* Map.storyboard in Resources */,
				F44899EF1B88AC20009ABF4C /* VIPMyActivityTableViewCell.xib in Resources */,
				F465736E1B5552D800DA3D7B /* JL2TableViewCell.xib in Resources */,
				F442CE151B64B8FC001CD62B /* (null) in Resources */,
				F44283021B875C2200D1F776 /* back-icon.png in Resources */,
				F42EBDA41B68C8D400606D9B /* (null) in Resources */,
				F47556AA1B4BACF2008CEE3A /* Main.storyboard in Resources */,
				F4CEF12F1B81D251006D2B71 /* share_photo.png in Resources */,
				F47556AF1B4BACF2008CEE3A /* LaunchScreen.xib in Resources */,
				F420E1551B846B5D00D3627F /* comment-icon.png in Resources */,
				F42EBDAC1B68CED800606D9B /* (null) in Resources */,
				F42EBD661B6877BF00606D9B /* (null) in Resources */,
				F420E15A1B846FA500D3627F /* no-interested-icon.png in Resources */,
				A56DC6261B80EC3E009C621F /* 22.png in Resources */,
				F42EBD6B1B68790500606D9B /* (null) in Resources */,
				F465736F1B5552D800DA3D7B /* JLTableViewCell.xib in Resources */,
				F486EF461B4C34D2008CB97B /* Setting.storyboard in Resources */,
				F47556C51B4BD40F008CEE3A /* Favorite.storyboard in Resources */,
				F43F90681B8AF46D00E509F3 /* exclamation-icon.png in Resources */,
				F42EBDB21B68FF1400606D9B /* (null) in Resources */,
				F44282FF1B875A9700D1F776 /* search-icon.png in Resources */,
				A521DE041B864E5400A0173D /* Delete Sign-100.png in Resources */,
				F47556AC1B4BACF2008CEE3A /* Images.xcassets in Resources */,
				F43B3B7F1B75C03F0034B20F /* JL3MessageTableViewCell.xib in Resources */,
				F43C831A1B71B13200D2A389 /* tmp900X640.png in Resources */,
				F43F906D1B8C06D800E509F3 /* black.png in Resources */,
				F42EBDB01B68D1EE00606D9B /* (null) in Resources */,
				F420E15C1B84719800D3627F /* intrested-icon.png in Resources */,
				F44282FE1B875A9700D1F776 /* edit-icon.png in Resources */,
				A519F60A1B8C0FFF001D0A78 /* login-background-video.mp4 in Resources */,
				F42EBD6A1B68790500606D9B /* (null) in Resources */,
				F42EBDAE1B68D0C100606D9B /* (null) in Resources */,
			);
			runOnlyForDeploymentPostprocessing = 0;
		};
		F47556B21B4BACF2008CEE3A /* Resources */ = {
			isa = PBXResourcesBuildPhase;
			buildActionMask = 2147483647;
			files = (
			);
			runOnlyForDeploymentPostprocessing = 0;
		};
/* End PBXResourcesBuildPhase section */

/* Begin PBXShellScriptBuildPhase section */
		8EA905329E861224FDD12D0E /* Embed Pods Frameworks */ = {
			isa = PBXShellScriptBuildPhase;
			buildActionMask = 2147483647;
			files = (
			);
			inputPaths = (
			);
			name = "Embed Pods Frameworks";
			outputPaths = (
			);
			runOnlyForDeploymentPostprocessing = 0;
			shellPath = /bin/sh;
			shellScript = "\"${SRCROOT}/Pods/Target Support Files/Pods/Pods-frameworks.sh\"\n";
			showEnvVarsInLog = 0;
		};
		9AC75E90ACAFD2D8CE5C8A16 /* Copy Pods Resources */ = {
			isa = PBXShellScriptBuildPhase;
			buildActionMask = 2147483647;
			files = (
			);
			inputPaths = (
			);
			name = "Copy Pods Resources";
			outputPaths = (
			);
			runOnlyForDeploymentPostprocessing = 0;
			shellPath = /bin/sh;
			shellScript = "\"${SRCROOT}/Pods/Target Support Files/Pods/Pods-resources.sh\"\n";
			showEnvVarsInLog = 0;
		};
		F9A3F7C025417276C27C5DC8 /* Check Pods Manifest.lock */ = {
			isa = PBXShellScriptBuildPhase;
			buildActionMask = 2147483647;
			files = (
			);
			inputPaths = (
			);
			name = "Check Pods Manifest.lock";
			outputPaths = (
			);
			runOnlyForDeploymentPostprocessing = 0;
			shellPath = /bin/sh;
			shellScript = "diff \"${PODS_ROOT}/../Podfile.lock\" \"${PODS_ROOT}/Manifest.lock\" > /dev/null\nif [[ $? != 0 ]] ; then\n    cat << EOM\nerror: The sandbox is not in sync with the Podfile.lock. Run 'pod install' or update your CocoaPods installation.\nEOM\n    exit 1\nfi\n";
			showEnvVarsInLog = 0;
		};
/* End PBXShellScriptBuildPhase section */

/* Begin PBXSourcesBuildPhase section */
		A521DE051B864F5200A0173D /* Sources */ = {
			isa = PBXSourcesBuildPhase;
			buildActionMask = 2147483647;
			files = (
				A521DE101B864F5200A0173D /* TodayViewController.m in Sources */,
			);
			runOnlyForDeploymentPostprocessing = 0;
		};
		F47556971B4BACF2008CEE3A /* Sources */ = {
			isa = PBXSourcesBuildPhase;
			buildActionMask = 2147483647;
			files = (
				F4B387441B831250007740D5 /* SharePhotoTableViewCell.m in Sources */,
				A52E4EB91B63817400285C83 /* VIPViewController.m in Sources */,
				F44829951B6FB9D800ED0EA1 /* UIImage+ResizeAdditions.m in Sources */,
				F4BC50E31B7E54ED008C3EC4 /* ParallaxTableViewCell.m in Sources */,
				F4BC50E21B7E54ED008C3EC4 /* HomePageViewController.m in Sources */,
				F465736D1B5552D800DA3D7B /* JL2TableViewCell.m in Sources */,
				A524E7FA1B86C54F0094A684 /* LegalViewController.m in Sources */,
				B51A23351B7A5C9900CFD674 /* followTableViewController.m in Sources */,
				F4DA4C5C1B4E9D0500421F2F /* UIColors.m in Sources */,
				F4CEF12D1B81B87C006D2B71 /* PostViewController.m in Sources */,
				F4DA4C601B4EC96F00421F2F /* HomePostViewController.m in Sources */,
				F4B3874A1B83465C007740D5 /* MemoTableViewCell.m in Sources */,
				F4CEF1571B81F4CE006D2B71 /* CountryCityTableViewCell.m in Sources */,
				F44899EE1B88AC20009ABF4C /* VIPMyActivityTableViewCell.m in Sources */,
				F44F3E391B821102007CE9C1 /* TPKeyboardAvoidingScrollView.m in Sources */,
				F44829961B6FB9D800ED0EA1 /* UIImage+RoundedCornerAdditions.m in Sources */,
				F448299D1B6FBA8B00ED0EA1 /* PAPConstants.m in Sources */,
				F44F3E361B8210F1007CE9C1 /* UIScrollView+TPKeyboardAvoidingAdditions.m in Sources */,
				F445E36B1B6E0A1100818A18 /* LoginViewController.m in Sources */,
				F420E1521B8432B100D3627F /* TWMDefine.m in Sources */,
				F443FB4F1B612F9300F30847 /* WallTableViewCell.m in Sources */,
				F47556A41B4BACF2008CEE3A /* AppDelegate.m in Sources */,
				F44F3E331B8210CD007CE9C1 /* TPKeyboardAvoidingTableView.m in Sources */,
				A5E1670D1B6903B70036ABE4 /* SettingTableViewControlle.m in Sources */,
				A55171831B86151A002841AB /* PolicyViewController.m in Sources */,
				B51A23341B7A5C9900CFD674 /* favoriteTableViewController.m in Sources */,
				F465736C1B5552D800DA3D7B /* JLTableViewCell.m in Sources */,
				F44F3E301B8207F9007CE9C1 /* StartDateDaysTableViewCell.m in Sources */,
				F44307E21B78A1C900DE5625 /* UIImage+ImageEffects.m in Sources */,
				F44829941B6FB9D800ED0EA1 /* UIImage+AlphaAdditions.m in Sources */,
				B51A23321B7A5C9900CFD674 /* favoriteMainViewController.m in Sources */,
				F44829A01B6FBAFF00ED0EA1 /* PAPCache.m in Sources */,
				F4DA4C661B4FF09200421F2F /* HomeDetailViewController.m in Sources */,
				A55669951B80EAE300F588E3 /* CExpandHeader.m in Sources */,
				F43F906B1B8B2C0700E509F3 /* SelectTypeViewController.m in Sources */,
				B5453E271B7A670E008964CE /* mapPostViewController.m in Sources */,
				A53CBBB71B67FA630039369A /* MapViewController.m in Sources */,
				F4457C201B7755D000A4952B /* ParallaxHeaderView.m in Sources */,
				F4457C231B7756B900A4952B /* DetailMessageViewController.m in Sources */,
				B51A23331B7A5C9900CFD674 /* FavoriteDetailViewController.m in Sources */,
				F443FB4C1B6124D600F30847 /* WallViewController.m in Sources */,
				F4461ECC1B7622CE00052C94 /* JL3MessageTableViewCell.m in Sources */,
				F448299A1B6FBA5800ED0EA1 /* PAPUtility.m in Sources */,
				F47556A11B4BACF2008CEE3A /* main.m in Sources */,
			);
			runOnlyForDeploymentPostprocessing = 0;
		};
		F47556B01B4BACF2008CEE3A /* Sources */ = {
			isa = PBXSourcesBuildPhase;
			buildActionMask = 2147483647;
			files = (
				F47556BB1B4BACF2008CEE3A /* TravelWithMeTests.m in Sources */,
			);
			runOnlyForDeploymentPostprocessing = 0;
		};
/* End PBXSourcesBuildPhase section */

/* Begin PBXTargetDependency section */
		A521DE141B864F5200A0173D /* PBXTargetDependency */ = {
			isa = PBXTargetDependency;
			target = A521DE081B864F5200A0173D /* TraveIWithMe */;
			targetProxy = A521DE131B864F5200A0173D /* PBXContainerItemProxy */;
		};
		F47556B61B4BACF2008CEE3A /* PBXTargetDependency */ = {
			isa = PBXTargetDependency;
			target = F475569A1B4BACF2008CEE3A /* TravelWithMe */;
			targetProxy = F47556B51B4BACF2008CEE3A /* PBXContainerItemProxy */;
		};
/* End PBXTargetDependency section */

/* Begin PBXVariantGroup section */
		F47556A81B4BACF2008CEE3A /* Main.storyboard */ = {
			isa = PBXVariantGroup;
			children = (
				F47556A91B4BACF2008CEE3A /* Base */,
			);
			name = Main.storyboard;
			sourceTree = "<group>";
		};
		F47556AD1B4BACF2008CEE3A /* LaunchScreen.xib */ = {
			isa = PBXVariantGroup;
			children = (
				F47556AE1B4BACF2008CEE3A /* Base */,
			);
			name = LaunchScreen.xib;
			sourceTree = "<group>";
		};
/* End PBXVariantGroup section */

/* Begin XCBuildConfiguration section */
		A521DE171B864F5200A0173D /* Debug */ = {
			isa = XCBuildConfiguration;
			buildSettings = {
				CODE_SIGN_IDENTITY = "iPhone Developer";
				"CODE_SIGN_IDENTITY[sdk=iphoneos*]" = "iPhone Developer";
				GCC_PREPROCESSOR_DEFINITIONS = (
					"DEBUG=1",
					"$(inherited)",
				);
				INFOPLIST_FILE = TraveIWithMe/Info.plist;
				LD_RUNPATH_SEARCH_PATHS = "$(inherited) @executable_path/Frameworks @executable_path/../../Frameworks";
				PRODUCT_NAME = "$(TARGET_NAME)";
				SKIP_INSTALL = YES;
			};
			name = Debug;
		};
		A521DE181B864F5200A0173D /* Release */ = {
			isa = XCBuildConfiguration;
			buildSettings = {
				CODE_SIGN_IDENTITY = "iPhone Developer";
				"CODE_SIGN_IDENTITY[sdk=iphoneos*]" = "iPhone Developer";
				INFOPLIST_FILE = TraveIWithMe/Info.plist;
				LD_RUNPATH_SEARCH_PATHS = "$(inherited) @executable_path/Frameworks @executable_path/../../Frameworks";
				PRODUCT_NAME = "$(TARGET_NAME)";
				SKIP_INSTALL = YES;
			};
			name = Release;
		};
		F47556BC1B4BACF2008CEE3A /* Debug */ = {
			isa = XCBuildConfiguration;
			buildSettings = {
				ALWAYS_SEARCH_USER_PATHS = NO;
				CLANG_CXX_LANGUAGE_STANDARD = "gnu++0x";
				CLANG_CXX_LIBRARY = "libc++";
				CLANG_ENABLE_MODULES = YES;
				CLANG_ENABLE_OBJC_ARC = YES;
				CLANG_WARN_BOOL_CONVERSION = YES;
				CLANG_WARN_CONSTANT_CONVERSION = YES;
				CLANG_WARN_DIRECT_OBJC_ISA_USAGE = YES_ERROR;
				CLANG_WARN_EMPTY_BODY = YES;
				CLANG_WARN_ENUM_CONVERSION = YES;
				CLANG_WARN_INT_CONVERSION = YES;
				CLANG_WARN_OBJC_ROOT_CLASS = YES_ERROR;
				CLANG_WARN_UNREACHABLE_CODE = YES;
				CLANG_WARN__DUPLICATE_METHOD_MATCH = YES;
				"CODE_SIGN_IDENTITY[sdk=iphoneos*]" = "iPhone Developer";
				COPY_PHASE_STRIP = NO;
				DEBUG_INFORMATION_FORMAT = "dwarf-with-dsym";
				ENABLE_STRICT_OBJC_MSGSEND = YES;
				GCC_C_LANGUAGE_STANDARD = gnu99;
				GCC_DYNAMIC_NO_PIC = NO;
				GCC_NO_COMMON_BLOCKS = YES;
				GCC_OPTIMIZATION_LEVEL = 0;
				GCC_PREPROCESSOR_DEFINITIONS = (
					"DEBUG=1",
					"$(inherited)",
				);
				GCC_SYMBOLS_PRIVATE_EXTERN = NO;
				GCC_WARN_64_TO_32_BIT_CONVERSION = YES;
				GCC_WARN_ABOUT_RETURN_TYPE = YES_ERROR;
				GCC_WARN_UNDECLARED_SELECTOR = YES;
				GCC_WARN_UNINITIALIZED_AUTOS = YES_AGGRESSIVE;
				GCC_WARN_UNUSED_FUNCTION = YES;
				GCC_WARN_UNUSED_VARIABLE = YES;
				IPHONEOS_DEPLOYMENT_TARGET = 8.4;
				MTL_ENABLE_DEBUG_INFO = YES;
				ONLY_ACTIVE_ARCH = YES;
				SDKROOT = iphoneos;
				TARGETED_DEVICE_FAMILY = "1,2";
			};
			name = Debug;
		};
		F47556BD1B4BACF2008CEE3A /* Release */ = {
			isa = XCBuildConfiguration;
			buildSettings = {
				ALWAYS_SEARCH_USER_PATHS = NO;
				CLANG_CXX_LANGUAGE_STANDARD = "gnu++0x";
				CLANG_CXX_LIBRARY = "libc++";
				CLANG_ENABLE_MODULES = YES;
				CLANG_ENABLE_OBJC_ARC = YES;
				CLANG_WARN_BOOL_CONVERSION = YES;
				CLANG_WARN_CONSTANT_CONVERSION = YES;
				CLANG_WARN_DIRECT_OBJC_ISA_USAGE = YES_ERROR;
				CLANG_WARN_EMPTY_BODY = YES;
				CLANG_WARN_ENUM_CONVERSION = YES;
				CLANG_WARN_INT_CONVERSION = YES;
				CLANG_WARN_OBJC_ROOT_CLASS = YES_ERROR;
				CLANG_WARN_UNREACHABLE_CODE = YES;
				CLANG_WARN__DUPLICATE_METHOD_MATCH = YES;
				"CODE_SIGN_IDENTITY[sdk=iphoneos*]" = "iPhone Developer";
				COPY_PHASE_STRIP = NO;
				DEBUG_INFORMATION_FORMAT = "dwarf-with-dsym";
				ENABLE_NS_ASSERTIONS = NO;
				ENABLE_STRICT_OBJC_MSGSEND = YES;
				GCC_C_LANGUAGE_STANDARD = gnu99;
				GCC_NO_COMMON_BLOCKS = YES;
				GCC_WARN_64_TO_32_BIT_CONVERSION = YES;
				GCC_WARN_ABOUT_RETURN_TYPE = YES_ERROR;
				GCC_WARN_UNDECLARED_SELECTOR = YES;
				GCC_WARN_UNINITIALIZED_AUTOS = YES_AGGRESSIVE;
				GCC_WARN_UNUSED_FUNCTION = YES;
				GCC_WARN_UNUSED_VARIABLE = YES;
				IPHONEOS_DEPLOYMENT_TARGET = 8.4;
				MTL_ENABLE_DEBUG_INFO = NO;
				SDKROOT = iphoneos;
				TARGETED_DEVICE_FAMILY = "1,2";
				VALIDATE_PRODUCT = YES;
			};
			name = Release;
		};
		F47556BF1B4BACF2008CEE3A /* Debug */ = {
			isa = XCBuildConfiguration;
			baseConfigurationReference = 44BCC490976B2C9D75A6541C /* Pods.debug.xcconfig */;
			buildSettings = {
				ASSETCATALOG_COMPILER_APPICON_NAME = AppIcon;
				CLANG_ENABLE_MODULES = YES;
				CODE_SIGN_IDENTITY = "iPhone Developer";
				"CODE_SIGN_IDENTITY[sdk=iphoneos*]" = "iPhone Developer";
				FRAMEWORK_SEARCH_PATHS = (
					"$(inherited)",
					"$(PROJECT_DIR)",
				);
				GCC_PRECOMPILE_PREFIX_HEADER = YES;
				GCC_PREFIX_HEADER = "$(SRCROOT)/PrefixHeader.pch";
				INFOPLIST_FILE = TravelWithMe/Info.plist;
				IPHONEOS_DEPLOYMENT_TARGET = 8.0;
				LD_RUNPATH_SEARCH_PATHS = "$(inherited) @executable_path/Frameworks";
				LIBRARY_SEARCH_PATHS = "$(inherited)";
				New_Setting = "";
				OTHER_LDFLAGS = (
					"$(inherited)",
					"-ObjC",
					"-framework",
					"\"Accelerate\"",
					"-framework",
					"\"QuartzCore\"",
					"-weak_framework",
					"\"Accounts\"",
					"-weak_framework",
					"\"AudioToolbox\"",
					"-weak_framework",
					"\"CoreGraphics\"",
					"-weak_framework",
					"\"CoreLocation\"",
					"-weak_framework",
					"\"Foundation\"",
					"-weak_framework",
					"\"QuartzCore\"",
					"-weak_framework",
					"\"Security\"",
					"-weak_framework",
					"\"Social\"",
					"-weak_framework",
					"\"UIKit\"",
				);
				PRODUCT_NAME = "$(TARGET_NAME)";
				PROVISIONING_PROFILE = "";
				SWIFT_OBJC_BRIDGING_HEADER = "TravelWithMe/TravelWithMe-Bridging-Header.h";
				SWIFT_OPTIMIZATION_LEVEL = "-Onone";
				TARGETED_DEVICE_FAMILY = 1;
				USER_HEADER_SEARCH_PATHS = "${SRCROOT}/**";
			};
			name = Debug;
		};
		F47556C01B4BACF2008CEE3A /* Release */ = {
			isa = XCBuildConfiguration;
			baseConfigurationReference = A2A1A052438CEB9B22CC0114 /* Pods.release.xcconfig */;
			buildSettings = {
				ASSETCATALOG_COMPILER_APPICON_NAME = AppIcon;
				CLANG_ENABLE_MODULES = YES;
				CODE_SIGN_IDENTITY = "iPhone Developer";
				"CODE_SIGN_IDENTITY[sdk=iphoneos*]" = "iPhone Developer";
				FRAMEWORK_SEARCH_PATHS = (
					"$(inherited)",
					"$(PROJECT_DIR)",
				);
				GCC_PRECOMPILE_PREFIX_HEADER = YES;
				GCC_PREFIX_HEADER = "$(SRCROOT)/PrefixHeader.pch";
				INFOPLIST_FILE = TravelWithMe/Info.plist;
				IPHONEOS_DEPLOYMENT_TARGET = 8.0;
				LD_RUNPATH_SEARCH_PATHS = "$(inherited) @executable_path/Frameworks";
				LIBRARY_SEARCH_PATHS = "$(inherited)";
				New_Setting = "";
				OTHER_LDFLAGS = (
					"$(inherited)",
					"-ObjC",
					"-framework",
					"\"Accelerate\"",
					"-framework",
					"\"QuartzCore\"",
					"-weak_framework",
					"\"Accounts\"",
					"-weak_framework",
					"\"AudioToolbox\"",
					"-weak_framework",
					"\"CoreGraphics\"",
					"-weak_framework",
					"\"CoreLocation\"",
					"-weak_framework",
					"\"Foundation\"",
					"-weak_framework",
					"\"QuartzCore\"",
					"-weak_framework",
					"\"Security\"",
					"-weak_framework",
					"\"Social\"",
					"-weak_framework",
					"\"UIKit\"",
				);
				PRODUCT_NAME = "$(TARGET_NAME)";
				PROVISIONING_PROFILE = "";
				SWIFT_OBJC_BRIDGING_HEADER = "TravelWithMe/TravelWithMe-Bridging-Header.h";
				TARGETED_DEVICE_FAMILY = 1;
				USER_HEADER_SEARCH_PATHS = "${SRCROOT}/**";
			};
			name = Release;
		};
		F47556C21B4BACF2008CEE3A /* Debug */ = {
			isa = XCBuildConfiguration;
			buildSettings = {
				BUNDLE_LOADER = "$(TEST_HOST)";
				FRAMEWORK_SEARCH_PATHS = (
					"$(SDKROOT)/Developer/Library/Frameworks",
					"$(inherited)",
				);
				GCC_PREPROCESSOR_DEFINITIONS = (
					"DEBUG=1",
					"$(inherited)",
				);
				INFOPLIST_FILE = TravelWithMeTests/Info.plist;
				LD_RUNPATH_SEARCH_PATHS = "$(inherited) @executable_path/Frameworks @loader_path/Frameworks";
				PRODUCT_NAME = "$(TARGET_NAME)";
				TEST_HOST = "$(BUILT_PRODUCTS_DIR)/TravelWithMe.app/TravelWithMe";
			};
			name = Debug;
		};
		F47556C31B4BACF2008CEE3A /* Release */ = {
			isa = XCBuildConfiguration;
			buildSettings = {
				BUNDLE_LOADER = "$(TEST_HOST)";
				FRAMEWORK_SEARCH_PATHS = (
					"$(SDKROOT)/Developer/Library/Frameworks",
					"$(inherited)",
				);
				INFOPLIST_FILE = TravelWithMeTests/Info.plist;
				LD_RUNPATH_SEARCH_PATHS = "$(inherited) @executable_path/Frameworks @loader_path/Frameworks";
				PRODUCT_NAME = "$(TARGET_NAME)";
				TEST_HOST = "$(BUILT_PRODUCTS_DIR)/TravelWithMe.app/TravelWithMe";
			};
			name = Release;
		};
/* End XCBuildConfiguration section */

/* Begin XCConfigurationList section */
		A521DE161B864F5200A0173D /* Build configuration list for PBXNativeTarget "TraveIWithMe" */ = {
			isa = XCConfigurationList;
			buildConfigurations = (
				A521DE171B864F5200A0173D /* Debug */,
				A521DE181B864F5200A0173D /* Release */,
			);
			defaultConfigurationIsVisible = 0;
			defaultConfigurationName = Release;
		};
		F47556961B4BACF2008CEE3A /* Build configuration list for PBXProject "TravelWithMe" */ = {
			isa = XCConfigurationList;
			buildConfigurations = (
				F47556BC1B4BACF2008CEE3A /* Debug */,
				F47556BD1B4BACF2008CEE3A /* Release */,
			);
			defaultConfigurationIsVisible = 0;
			defaultConfigurationName = Release;
		};
		F47556BE1B4BACF2008CEE3A /* Build configuration list for PBXNativeTarget "TravelWithMe" */ = {
			isa = XCConfigurationList;
			buildConfigurations = (
				F47556BF1B4BACF2008CEE3A /* Debug */,
				F47556C01B4BACF2008CEE3A /* Release */,
			);
			defaultConfigurationIsVisible = 0;
			defaultConfigurationName = Release;
		};
		F47556C11B4BACF2008CEE3A /* Build configuration list for PBXNativeTarget "TravelWithMeTests" */ = {
			isa = XCConfigurationList;
			buildConfigurations = (
				F47556C21B4BACF2008CEE3A /* Debug */,
				F47556C31B4BACF2008CEE3A /* Release */,
			);
			defaultConfigurationIsVisible = 0;
			defaultConfigurationName = Release;
		};
/* End XCConfigurationList section */
	};
	rootObject = F47556931B4BACF2008CEE3A /* Project object */;
}
